// !$*UTF8*$!
{
	archiveVersion = 1;
	classes = {
	};
	objectVersion = 55;
	objects = {

/* Begin PBXBuildFile section */
		4C62028427307E650007EAB7 /* EssentialFeed.docc in Sources */ = {isa = PBXBuildFile; fileRef = 4C62028327307E650007EAB7 /* EssentialFeed.docc */; };
		4C62028A27307E650007EAB7 /* EssentialFeed.framework in Frameworks */ = {isa = PBXBuildFile; fileRef = 4C62027F27307E650007EAB7 /* EssentialFeed.framework */; };
		4C62029027307E650007EAB7 /* EssentialFeed.h in Headers */ = {isa = PBXBuildFile; fileRef = 4C62028227307E650007EAB7 /* EssentialFeed.h */; settings = {ATTRIBUTES = (Public, ); }; };
		4CE83CAD27929A4E00BAD8CA /* FeedStore.xcdatamodeld in Sources */ = {isa = PBXBuildFile; fileRef = 4CE83CAB27929A4E00BAD8CA /* FeedStore.xcdatamodeld */; };
		5D02B714275DD528006CAC23 /* FeedCacheTestHelpers.swift in Sources */ = {isa = PBXBuildFile; fileRef = 5D02B713275DD528006CAC23 /* FeedCacheTestHelpers.swift */; };
		5D02B716275DD5E3006CAC23 /* SharedTestHelpers.swift in Sources */ = {isa = PBXBuildFile; fileRef = 5D02B715275DD5E3006CAC23 /* SharedTestHelpers.swift */; };
		5D067697277587DA00979180 /* EssentialFeedCacheIntegrationTests.swift in Sources */ = {isa = PBXBuildFile; fileRef = 5D067696277587DA00979180 /* EssentialFeedCacheIntegrationTests.swift */; };
		5D067698277587DA00979180 /* EssentialFeed.framework in Frameworks */ = {isa = PBXBuildFile; fileRef = 4C62027F27307E650007EAB7 /* EssentialFeed.framework */; };
		5D06769E27758A9500979180 /* XCTestCaseMemoryLeakTracking.swift in Sources */ = {isa = PBXBuildFile; fileRef = 5D10A52E273E361900868C3A /* XCTestCaseMemoryLeakTracking.swift */; };
		5D06769F27758D1500979180 /* FeedCacheTestHelpers.swift in Sources */ = {isa = PBXBuildFile; fileRef = 5D02B713275DD528006CAC23 /* FeedCacheTestHelpers.swift */; };
		5D0676A027758D3B00979180 /* SharedTestHelpers.swift in Sources */ = {isa = PBXBuildFile; fileRef = 5D02B715275DD5E3006CAC23 /* SharedTestHelpers.swift */; };
		5D10A530273E361900868C3A /* LoadFeedFromRemoteUseCaseTests.swift in Sources */ = {isa = PBXBuildFile; fileRef = 5D10A52C273E361900868C3A /* LoadFeedFromRemoteUseCaseTests.swift */; };
		5D10A531273E361900868C3A /* XCTestCaseMemoryLeakTracking.swift in Sources */ = {isa = PBXBuildFile; fileRef = 5D10A52E273E361900868C3A /* XCTestCaseMemoryLeakTracking.swift */; };
		5D10A532273E361900868C3A /* URLSessionHTTPClientTests.swift in Sources */ = {isa = PBXBuildFile; fileRef = 5D10A52F273E361900868C3A /* URLSessionHTTPClientTests.swift */; };
		5D10A538273E364500868C3A /* URLSessionHTTPClient.swift in Sources */ = {isa = PBXBuildFile; fileRef = 5D10A534273E364500868C3A /* URLSessionHTTPClient.swift */; };
		5D10A539273E364500868C3A /* FeedItemsMapper.swift in Sources */ = {isa = PBXBuildFile; fileRef = 5D10A535273E364500868C3A /* FeedItemsMapper.swift */; };
		5D10A53A273E364500868C3A /* HTTPClient.swift in Sources */ = {isa = PBXBuildFile; fileRef = 5D10A536273E364500868C3A /* HTTPClient.swift */; };
		5D10A53B273E364500868C3A /* RemoteFeedLoader.swift in Sources */ = {isa = PBXBuildFile; fileRef = 5D10A537273E364500868C3A /* RemoteFeedLoader.swift */; };
		5D10A548273E368900868C3A /* EssentialFeedAPIEndToEndTests.swift in Sources */ = {isa = PBXBuildFile; fileRef = 5D10A547273E368900868C3A /* EssentialFeedAPIEndToEndTests.swift */; };
		5D10A549273E368900868C3A /* EssentialFeed.framework in Frameworks */ = {isa = PBXBuildFile; fileRef = 4C62027F27307E650007EAB7 /* EssentialFeed.framework */; };
		5D10A54F273E36A200868C3A /* XCTestCaseMemoryLeakTracking.swift in Sources */ = {isa = PBXBuildFile; fileRef = 5D10A52E273E361900868C3A /* XCTestCaseMemoryLeakTracking.swift */; };
		5D3A69E527840B2700B39F36 /* EssentialFeediOS.framework in Frameworks */ = {isa = PBXBuildFile; fileRef = 5D3A69DD27840B2700B39F36 /* EssentialFeediOS.framework */; };
		5D3A69F3278418CE00B39F36 /* FeedViewControllerTests.swift in Sources */ = {isa = PBXBuildFile; fileRef = 5D3A69F2278418CE00B39F36 /* FeedViewControllerTests.swift */; };
		5D3A6A0327855D8B00B39F36 /* EssentialFeed.framework in Frameworks */ = {isa = PBXBuildFile; fileRef = 4C62027F27307E650007EAB7 /* EssentialFeed.framework */; platformFilter = ios; };
		5D3A6A0427855D8B00B39F36 /* EssentialFeed.framework in Embed Frameworks */ = {isa = PBXBuildFile; fileRef = 4C62027F27307E650007EAB7 /* EssentialFeed.framework */; platformFilter = ios; settings = {ATTRIBUTES = (CodeSignOnCopy, RemoveHeadersOnCopy, ); }; };
		5D3A6A0827855E8000B39F36 /* XCTestCaseMemoryLeakTracking.swift in Sources */ = {isa = PBXBuildFile; fileRef = 5D10A52E273E361900868C3A /* XCTestCaseMemoryLeakTracking.swift */; };
		5D3A6A0A27856B5900B39F36 /* FeedViewController.swift in Sources */ = {isa = PBXBuildFile; fileRef = 5D3A6A0927856B5900B39F36 /* FeedViewController.swift */; };
		5D3A6A0E2786B4E900B39F36 /* FeedImageCell.swift in Sources */ = {isa = PBXBuildFile; fileRef = 5D3A6A0D2786B4E900B39F36 /* FeedImageCell.swift */; };
		5D42CCA9278D3D10006CE96E /* FeedImageDataLoader.swift in Sources */ = {isa = PBXBuildFile; fileRef = 5D42CCA8278D3D10006CE96E /* FeedImageDataLoader.swift */; };
		5D42CCAB278D3F73006CE96E /* FeedRefreshViewController.swift in Sources */ = {isa = PBXBuildFile; fileRef = 5D42CCAA278D3F73006CE96E /* FeedRefreshViewController.swift */; };
		5D42CCAD278D459B006CE96E /* FeedImageCellController.swift in Sources */ = {isa = PBXBuildFile; fileRef = 5D42CCAC278D459B006CE96E /* FeedImageCellController.swift */; };
		5D42CCB0278D49BB006CE96E /* FeedIUComposer.swift in Sources */ = {isa = PBXBuildFile; fileRef = 5D42CCAF278D49BB006CE96E /* FeedIUComposer.swift */; };
		5D42CCBF278E9976006CE96E /* FeedPresenter.swift in Sources */ = {isa = PBXBuildFile; fileRef = 5D42CCBE278E9976006CE96E /* FeedPresenter.swift */; };
		5D42CCC3278E9C5F006CE96E /* FeedImageViewModel.swift in Sources */ = {isa = PBXBuildFile; fileRef = 5D42CCC2278E9C5F006CE96E /* FeedImageViewModel.swift */; };
		5D42CCC527912FFE006CE96E /* FeedImagePresenter.swift in Sources */ = {isa = PBXBuildFile; fileRef = 5D42CCC427912FFE006CE96E /* FeedImagePresenter.swift */; };
		5D4702572750AC69009A175E /* LocalFeedLoader.swift in Sources */ = {isa = PBXBuildFile; fileRef = 5D4702562750AC69009A175E /* LocalFeedLoader.swift */; };
		5D4702592750ACD7009A175E /* FeedStore.swift in Sources */ = {isa = PBXBuildFile; fileRef = 5D4702582750ACD7009A175E /* FeedStore.swift */; };
		5D47025B2755EAEB009A175E /* RemoteFeedItem.swift in Sources */ = {isa = PBXBuildFile; fileRef = 5D47025A2755EAEB009A175E /* RemoteFeedItem.swift */; };
		5D47025D2755EB32009A175E /* LocalFeedImage.swift in Sources */ = {isa = PBXBuildFile; fileRef = 5D47025C2755EB32009A175E /* LocalFeedImage.swift */; };
		5D47025F2755F130009A175E /* LoadFeedFromCacheUseCaseTests.swift in Sources */ = {isa = PBXBuildFile; fileRef = 5D47025E2755F130009A175E /* LoadFeedFromCacheUseCaseTests.swift */; };
		5D4702622755F259009A175E /* FeedStoreSpy.swift in Sources */ = {isa = PBXBuildFile; fileRef = 5D4702612755F259009A175E /* FeedStoreSpy.swift */; };
		5D5459072772EC1E00E5D23A /* CoreDataHelpers.swift in Sources */ = {isa = PBXBuildFile; fileRef = 5D5459062772EC1E00E5D23A /* CoreDataHelpers.swift */; };
		5D5459092772EC8300E5D23A /* ManagedCache.swift in Sources */ = {isa = PBXBuildFile; fileRef = 5D5459082772EC8300E5D23A /* ManagedCache.swift */; };
		5D54590B2772ECA500E5D23A /* ManagedFeedImage.swift in Sources */ = {isa = PBXBuildFile; fileRef = 5D54590A2772ECA500E5D23A /* ManagedFeedImage.swift */; };
		5D725A2F274B5F1B0098B069 /* CacheFeedUseCaseTests.swift in Sources */ = {isa = PBXBuildFile; fileRef = 5D725A2E274B5F1B0098B069 /* CacheFeedUseCaseTests.swift */; };
		5D801B90276C554A00E5F970 /* FeedStoreSpecs.swift in Sources */ = {isa = PBXBuildFile; fileRef = 5D801B8F276C554A00E5F970 /* FeedStoreSpecs.swift */; };
		5D801B92276C55DB00E5F970 /* XCTestCase+FeedStoreSpecs.swift in Sources */ = {isa = PBXBuildFile; fileRef = 5D801B91276C55DB00E5F970 /* XCTestCase+FeedStoreSpecs.swift */; };
		5D8CF7162791C83E006F645F /* Feed.storyboard in Resources */ = {isa = PBXBuildFile; fileRef = 5D8CF7152791C83E006F645F /* Feed.storyboard */; };
		5D8CF7182791C89B006F645F /* Feed.xcassets in Resources */ = {isa = PBXBuildFile; fileRef = 5D8CF7172791C89B006F645F /* Feed.xcassets */; };
		5D8EC927276081B8008666EC /* FeedCachePolicy.swift in Sources */ = {isa = PBXBuildFile; fileRef = 5D8EC926276081B8008666EC /* FeedCachePolicy.swift */; };
		5DA3898B278807B4003771AA /* UIView+Shimmering.swift in Sources */ = {isa = PBXBuildFile; fileRef = 5DA3898A278807B4003771AA /* UIView+Shimmering.swift */; };
		5DAC495027422AE80005A72C /* FeedImage.swift in Sources */ = {isa = PBXBuildFile; fileRef = 5DAC494F27422AE80005A72C /* FeedImage.swift */; };
		5DAC495227422AFA0005A72C /* FeedLoader.swift in Sources */ = {isa = PBXBuildFile; fileRef = 5DAC495127422AFA0005A72C /* FeedLoader.swift */; };
		5DC9F9762770411B00AB1D41 /* CoreDataFeedStoreTests.swift in Sources */ = {isa = PBXBuildFile; fileRef = 5DC9F9752770411B00AB1D41 /* CoreDataFeedStoreTests.swift */; };
		5DC9F978277041EB00AB1D41 /* CoreDataFeedStore.swift in Sources */ = {isa = PBXBuildFile; fileRef = 5DC9F977277041EB00AB1D41 /* CoreDataFeedStore.swift */; };
		5DC9F98327719E6000AB1D41 /* XCTestCase+FailableRetrieveFeedStoreSpecs.swift in Sources */ = {isa = PBXBuildFile; fileRef = 5DC9F98227719E6000AB1D41 /* XCTestCase+FailableRetrieveFeedStoreSpecs.swift */; };
		5DC9F98527719EE700AB1D41 /* XCTestCase+FailableDeleteFeedStoreSpecs.swift in Sources */ = {isa = PBXBuildFile; fileRef = 5DC9F98427719EE700AB1D41 /* XCTestCase+FailableDeleteFeedStoreSpecs.swift */; };
		5DC9F98727719F2400AB1D41 /* XCTestCase+FailableInsertFeedStoreSpecs.swift in Sources */ = {isa = PBXBuildFile; fileRef = 5DC9F98627719F2400AB1D41 /* XCTestCase+FailableInsertFeedStoreSpecs.swift */; };
		5DD2DC0F2759E69100612D2B /* ValidateFeedCacheUseCaseTests.swift in Sources */ = {isa = PBXBuildFile; fileRef = 5DD2DC0E2759E69100612D2B /* ValidateFeedCacheUseCaseTests.swift */; };
/* End PBXBuildFile section */

/* Begin PBXContainerItemProxy section */
		4C62028B27307E650007EAB7 /* PBXContainerItemProxy */ = {
			isa = PBXContainerItemProxy;
			containerPortal = 4C62027627307E650007EAB7 /* Project object */;
			proxyType = 1;
			remoteGlobalIDString = 4C62027E27307E650007EAB7;
			remoteInfo = EssentialFeed;
		};
		5D067699277587DA00979180 /* PBXContainerItemProxy */ = {
			isa = PBXContainerItemProxy;
			containerPortal = 4C62027627307E650007EAB7 /* Project object */;
			proxyType = 1;
			remoteGlobalIDString = 4C62027E27307E650007EAB7;
			remoteInfo = EssentialFeed;
		};
		5D10A54A273E368900868C3A /* PBXContainerItemProxy */ = {
			isa = PBXContainerItemProxy;
			containerPortal = 4C62027627307E650007EAB7 /* Project object */;
			proxyType = 1;
			remoteGlobalIDString = 4C62027E27307E650007EAB7;
			remoteInfo = EssentialFeed;
		};
		5D3A69E627840B2700B39F36 /* PBXContainerItemProxy */ = {
			isa = PBXContainerItemProxy;
			containerPortal = 4C62027627307E650007EAB7 /* Project object */;
			proxyType = 1;
			remoteGlobalIDString = 5D3A69DC27840B2700B39F36;
			remoteInfo = EssentialFeediOS;
		};
		5D3A6A0527855D8B00B39F36 /* PBXContainerItemProxy */ = {
			isa = PBXContainerItemProxy;
			containerPortal = 4C62027627307E650007EAB7 /* Project object */;
			proxyType = 1;
			remoteGlobalIDString = 4C62027E27307E650007EAB7;
			remoteInfo = EssentialFeed;
		};
/* End PBXContainerItemProxy section */

/* Begin PBXCopyFilesBuildPhase section */
		5D3A6A0727855D8B00B39F36 /* Embed Frameworks */ = {
			isa = PBXCopyFilesBuildPhase;
			buildActionMask = 2147483647;
			dstPath = "";
			dstSubfolderSpec = 10;
			files = (
				5D3A6A0427855D8B00B39F36 /* EssentialFeed.framework in Embed Frameworks */,
			);
			name = "Embed Frameworks";
			runOnlyForDeploymentPostprocessing = 0;
		};
/* End PBXCopyFilesBuildPhase section */

/* Begin PBXFileReference section */
		4C62027F27307E650007EAB7 /* EssentialFeed.framework */ = {isa = PBXFileReference; explicitFileType = wrapper.framework; includeInIndex = 0; path = EssentialFeed.framework; sourceTree = BUILT_PRODUCTS_DIR; };
		4C62028227307E650007EAB7 /* EssentialFeed.h */ = {isa = PBXFileReference; lastKnownFileType = sourcecode.c.h; path = EssentialFeed.h; sourceTree = "<group>"; };
		4C62028327307E650007EAB7 /* EssentialFeed.docc */ = {isa = PBXFileReference; lastKnownFileType = folder.documentationcatalog; path = EssentialFeed.docc; sourceTree = "<group>"; };
		4C62028927307E650007EAB7 /* EssentialFeedTests.xctest */ = {isa = PBXFileReference; explicitFileType = wrapper.cfbundle; includeInIndex = 0; path = EssentialFeedTests.xctest; sourceTree = BUILT_PRODUCTS_DIR; };
		4CE83CAC27929A4E00BAD8CA /* FeedStore.xcdatamodel */ = {isa = PBXFileReference; lastKnownFileType = wrapper.xcdatamodel; path = FeedStore.xcdatamodel; sourceTree = "<group>"; };
		5D02B713275DD528006CAC23 /* FeedCacheTestHelpers.swift */ = {isa = PBXFileReference; lastKnownFileType = sourcecode.swift; path = FeedCacheTestHelpers.swift; sourceTree = "<group>"; };
		5D02B715275DD5E3006CAC23 /* SharedTestHelpers.swift */ = {isa = PBXFileReference; lastKnownFileType = sourcecode.swift; path = SharedTestHelpers.swift; sourceTree = "<group>"; };
		5D067694277587DA00979180 /* EssentialFeedCacheIntegrationTests.xctest */ = {isa = PBXFileReference; explicitFileType = wrapper.cfbundle; includeInIndex = 0; path = EssentialFeedCacheIntegrationTests.xctest; sourceTree = BUILT_PRODUCTS_DIR; };
		5D067696277587DA00979180 /* EssentialFeedCacheIntegrationTests.swift */ = {isa = PBXFileReference; lastKnownFileType = sourcecode.swift; path = EssentialFeedCacheIntegrationTests.swift; sourceTree = "<group>"; };
		5D10A52C273E361900868C3A /* LoadFeedFromRemoteUseCaseTests.swift */ = {isa = PBXFileReference; fileEncoding = 4; lastKnownFileType = sourcecode.swift; path = LoadFeedFromRemoteUseCaseTests.swift; sourceTree = "<group>"; };
		5D10A52E273E361900868C3A /* XCTestCaseMemoryLeakTracking.swift */ = {isa = PBXFileReference; fileEncoding = 4; lastKnownFileType = sourcecode.swift; path = XCTestCaseMemoryLeakTracking.swift; sourceTree = "<group>"; };
		5D10A52F273E361900868C3A /* URLSessionHTTPClientTests.swift */ = {isa = PBXFileReference; fileEncoding = 4; lastKnownFileType = sourcecode.swift; path = URLSessionHTTPClientTests.swift; sourceTree = "<group>"; };
		5D10A534273E364500868C3A /* URLSessionHTTPClient.swift */ = {isa = PBXFileReference; fileEncoding = 4; lastKnownFileType = sourcecode.swift; path = URLSessionHTTPClient.swift; sourceTree = "<group>"; };
		5D10A535273E364500868C3A /* FeedItemsMapper.swift */ = {isa = PBXFileReference; fileEncoding = 4; lastKnownFileType = sourcecode.swift; path = FeedItemsMapper.swift; sourceTree = "<group>"; };
		5D10A536273E364500868C3A /* HTTPClient.swift */ = {isa = PBXFileReference; fileEncoding = 4; lastKnownFileType = sourcecode.swift; path = HTTPClient.swift; sourceTree = "<group>"; };
		5D10A537273E364500868C3A /* RemoteFeedLoader.swift */ = {isa = PBXFileReference; fileEncoding = 4; lastKnownFileType = sourcecode.swift; path = RemoteFeedLoader.swift; sourceTree = "<group>"; };
		5D10A545273E368900868C3A /* EssentialFeedAPIEndToEndTests.xctest */ = {isa = PBXFileReference; explicitFileType = wrapper.cfbundle; includeInIndex = 0; path = EssentialFeedAPIEndToEndTests.xctest; sourceTree = BUILT_PRODUCTS_DIR; };
		5D10A547273E368900868C3A /* EssentialFeedAPIEndToEndTests.swift */ = {isa = PBXFileReference; lastKnownFileType = sourcecode.swift; path = EssentialFeedAPIEndToEndTests.swift; sourceTree = "<group>"; };
		5D3A69DD27840B2700B39F36 /* EssentialFeediOS.framework */ = {isa = PBXFileReference; explicitFileType = wrapper.framework; includeInIndex = 0; path = EssentialFeediOS.framework; sourceTree = BUILT_PRODUCTS_DIR; };
		5D3A69E427840B2700B39F36 /* EssentialFeediOSTests.xctest */ = {isa = PBXFileReference; explicitFileType = wrapper.cfbundle; includeInIndex = 0; path = EssentialFeediOSTests.xctest; sourceTree = BUILT_PRODUCTS_DIR; };
		5D3A69F2278418CE00B39F36 /* FeedViewControllerTests.swift */ = {isa = PBXFileReference; lastKnownFileType = sourcecode.swift; name = FeedViewControllerTests.swift; path = EssentialFeedIOSTests/FeedViewControllerTests.swift; sourceTree = SOURCE_ROOT; };
		5D3A6A0927856B5900B39F36 /* FeedViewController.swift */ = {isa = PBXFileReference; lastKnownFileType = sourcecode.swift; name = FeedViewController.swift; path = "EssentialFeediOS/Feed UI/Controllers/FeedViewController.swift"; sourceTree = SOURCE_ROOT; };
		5D3A6A0D2786B4E900B39F36 /* FeedImageCell.swift */ = {isa = PBXFileReference; lastKnownFileType = sourcecode.swift; name = FeedImageCell.swift; path = "EssentialFeediOS/Feed UI/Views/FeedImageCell.swift"; sourceTree = SOURCE_ROOT; };
		5D42CCA8278D3D10006CE96E /* FeedImageDataLoader.swift */ = {isa = PBXFileReference; lastKnownFileType = sourcecode.swift; name = FeedImageDataLoader.swift; path = "EssentialFeedIOS/Feed Image Loader/FeedImageDataLoader.swift"; sourceTree = SOURCE_ROOT; };
		5D42CCAA278D3F73006CE96E /* FeedRefreshViewController.swift */ = {isa = PBXFileReference; lastKnownFileType = sourcecode.swift; name = FeedRefreshViewController.swift; path = "EssentialFeedIOS/Feed UI/Controllers/FeedRefreshViewController.swift"; sourceTree = SOURCE_ROOT; };
		5D42CCAC278D459B006CE96E /* FeedImageCellController.swift */ = {isa = PBXFileReference; lastKnownFileType = sourcecode.swift; name = FeedImageCellController.swift; path = "EssentialFeedIOS/Feed UI/Controllers/FeedImageCellController.swift"; sourceTree = SOURCE_ROOT; };
		5D42CCAF278D49BB006CE96E /* FeedIUComposer.swift */ = {isa = PBXFileReference; lastKnownFileType = sourcecode.swift; name = FeedIUComposer.swift; path = "EssentialFeedIOS/Feed UI/Composers/FeedIUComposer.swift"; sourceTree = SOURCE_ROOT; };
		5D42CCBE278E9976006CE96E /* FeedPresenter.swift */ = {isa = PBXFileReference; lastKnownFileType = sourcecode.swift; name = FeedPresenter.swift; path = "EssentialFeedIOS/Feed UI/Feed Presentations/FeedPresenter.swift"; sourceTree = SOURCE_ROOT; };
		5D42CCC2278E9C5F006CE96E /* FeedImageViewModel.swift */ = {isa = PBXFileReference; lastKnownFileType = sourcecode.swift; name = FeedImageViewModel.swift; path = "EssentialFeedIOS/Feed UI/Feed Presentations/FeedImageViewModel.swift"; sourceTree = SOURCE_ROOT; };
		5D42CCC427912FFE006CE96E /* FeedImagePresenter.swift */ = {isa = PBXFileReference; lastKnownFileType = sourcecode.swift; name = FeedImagePresenter.swift; path = "EssentialFeedIOS/Feed UI/Feed Presentations/FeedImagePresenter.swift"; sourceTree = SOURCE_ROOT; };
		5D4702562750AC69009A175E /* LocalFeedLoader.swift */ = {isa = PBXFileReference; lastKnownFileType = sourcecode.swift; path = LocalFeedLoader.swift; sourceTree = "<group>"; };
		5D4702582750ACD7009A175E /* FeedStore.swift */ = {isa = PBXFileReference; lastKnownFileType = sourcecode.swift; path = FeedStore.swift; sourceTree = "<group>"; };
		5D47025A2755EAEB009A175E /* RemoteFeedItem.swift */ = {isa = PBXFileReference; lastKnownFileType = sourcecode.swift; path = RemoteFeedItem.swift; sourceTree = "<group>"; };
		5D47025C2755EB32009A175E /* LocalFeedImage.swift */ = {isa = PBXFileReference; lastKnownFileType = sourcecode.swift; path = LocalFeedImage.swift; sourceTree = "<group>"; };
		5D47025E2755F130009A175E /* LoadFeedFromCacheUseCaseTests.swift */ = {isa = PBXFileReference; lastKnownFileType = sourcecode.swift; path = LoadFeedFromCacheUseCaseTests.swift; sourceTree = "<group>"; };
		5D4702612755F259009A175E /* FeedStoreSpy.swift */ = {isa = PBXFileReference; lastKnownFileType = sourcecode.swift; path = FeedStoreSpy.swift; sourceTree = "<group>"; };
		5D5459062772EC1E00E5D23A /* CoreDataHelpers.swift */ = {isa = PBXFileReference; lastKnownFileType = sourcecode.swift; path = CoreDataHelpers.swift; sourceTree = "<group>"; };
		5D5459082772EC8300E5D23A /* ManagedCache.swift */ = {isa = PBXFileReference; lastKnownFileType = sourcecode.swift; path = ManagedCache.swift; sourceTree = "<group>"; };
		5D54590A2772ECA500E5D23A /* ManagedFeedImage.swift */ = {isa = PBXFileReference; lastKnownFileType = sourcecode.swift; path = ManagedFeedImage.swift; sourceTree = "<group>"; };
		5D725A2E274B5F1B0098B069 /* CacheFeedUseCaseTests.swift */ = {isa = PBXFileReference; lastKnownFileType = sourcecode.swift; path = CacheFeedUseCaseTests.swift; sourceTree = "<group>"; };
		5D801B8F276C554A00E5F970 /* FeedStoreSpecs.swift */ = {isa = PBXFileReference; lastKnownFileType = sourcecode.swift; path = FeedStoreSpecs.swift; sourceTree = "<group>"; };
		5D801B91276C55DB00E5F970 /* XCTestCase+FeedStoreSpecs.swift */ = {isa = PBXFileReference; lastKnownFileType = sourcecode.swift; path = "XCTestCase+FeedStoreSpecs.swift"; sourceTree = "<group>"; };
		5D8CF7152791C83E006F645F /* Feed.storyboard */ = {isa = PBXFileReference; lastKnownFileType = file.storyboard; name = Feed.storyboard; path = "EssentialFeedIOS/Feed UI/Views/Feed.storyboard"; sourceTree = SOURCE_ROOT; };
		5D8CF7172791C89B006F645F /* Feed.xcassets */ = {isa = PBXFileReference; lastKnownFileType = folder.assetcatalog; name = Feed.xcassets; path = "EssentialFeedIOS/Feed UI/Views/Feed.xcassets"; sourceTree = SOURCE_ROOT; };
		5D8EC926276081B8008666EC /* FeedCachePolicy.swift */ = {isa = PBXFileReference; lastKnownFileType = sourcecode.swift; path = FeedCachePolicy.swift; sourceTree = "<group>"; };
		5DA3898A278807B4003771AA /* UIView+Shimmering.swift */ = {isa = PBXFileReference; lastKnownFileType = sourcecode.swift; name = "UIView+Shimmering.swift"; path = "EssentialFeediOS/Feed UI/Views/UIView+Shimmering.swift"; sourceTree = SOURCE_ROOT; };
		5DAC494F27422AE80005A72C /* FeedImage.swift */ = {isa = PBXFileReference; lastKnownFileType = sourcecode.swift; path = FeedImage.swift; sourceTree = "<group>"; };
		5DAC495127422AFA0005A72C /* FeedLoader.swift */ = {isa = PBXFileReference; lastKnownFileType = sourcecode.swift; path = FeedLoader.swift; sourceTree = "<group>"; };
		5DC9F9752770411B00AB1D41 /* CoreDataFeedStoreTests.swift */ = {isa = PBXFileReference; lastKnownFileType = sourcecode.swift; path = CoreDataFeedStoreTests.swift; sourceTree = "<group>"; };
		5DC9F977277041EB00AB1D41 /* CoreDataFeedStore.swift */ = {isa = PBXFileReference; lastKnownFileType = sourcecode.swift; path = CoreDataFeedStore.swift; sourceTree = "<group>"; };
		5DC9F98227719E6000AB1D41 /* XCTestCase+FailableRetrieveFeedStoreSpecs.swift */ = {isa = PBXFileReference; lastKnownFileType = sourcecode.swift; path = "XCTestCase+FailableRetrieveFeedStoreSpecs.swift"; sourceTree = "<group>"; };
		5DC9F98427719EE700AB1D41 /* XCTestCase+FailableDeleteFeedStoreSpecs.swift */ = {isa = PBXFileReference; lastKnownFileType = sourcecode.swift; path = "XCTestCase+FailableDeleteFeedStoreSpecs.swift"; sourceTree = "<group>"; };
		5DC9F98627719F2400AB1D41 /* XCTestCase+FailableInsertFeedStoreSpecs.swift */ = {isa = PBXFileReference; lastKnownFileType = sourcecode.swift; path = "XCTestCase+FailableInsertFeedStoreSpecs.swift"; sourceTree = "<group>"; };
		5DD2DC0E2759E69100612D2B /* ValidateFeedCacheUseCaseTests.swift */ = {isa = PBXFileReference; lastKnownFileType = sourcecode.swift; path = ValidateFeedCacheUseCaseTests.swift; sourceTree = "<group>"; };
/* End PBXFileReference section */

/* Begin PBXFrameworksBuildPhase section */
		4C62027C27307E650007EAB7 /* Frameworks */ = {
			isa = PBXFrameworksBuildPhase;
			buildActionMask = 2147483647;
			files = (
			);
			runOnlyForDeploymentPostprocessing = 0;
		};
		4C62028627307E650007EAB7 /* Frameworks */ = {
			isa = PBXFrameworksBuildPhase;
			buildActionMask = 2147483647;
			files = (
				4C62028A27307E650007EAB7 /* EssentialFeed.framework in Frameworks */,
			);
			runOnlyForDeploymentPostprocessing = 0;
		};
		5D067691277587DA00979180 /* Frameworks */ = {
			isa = PBXFrameworksBuildPhase;
			buildActionMask = 2147483647;
			files = (
				5D067698277587DA00979180 /* EssentialFeed.framework in Frameworks */,
			);
			runOnlyForDeploymentPostprocessing = 0;
		};
		5D10A542273E368900868C3A /* Frameworks */ = {
			isa = PBXFrameworksBuildPhase;
			buildActionMask = 2147483647;
			files = (
				5D10A549273E368900868C3A /* EssentialFeed.framework in Frameworks */,
			);
			runOnlyForDeploymentPostprocessing = 0;
		};
		5D3A69DA27840B2700B39F36 /* Frameworks */ = {
			isa = PBXFrameworksBuildPhase;
			buildActionMask = 2147483647;
			files = (
				5D3A6A0327855D8B00B39F36 /* EssentialFeed.framework in Frameworks */,
			);
			runOnlyForDeploymentPostprocessing = 0;
		};
		5D3A69E127840B2700B39F36 /* Frameworks */ = {
			isa = PBXFrameworksBuildPhase;
			buildActionMask = 2147483647;
			files = (
				5D3A69E527840B2700B39F36 /* EssentialFeediOS.framework in Frameworks */,
			);
			runOnlyForDeploymentPostprocessing = 0;
		};
/* End PBXFrameworksBuildPhase section */

/* Begin PBXGroup section */
		4C62027527307E650007EAB7 = {
			isa = PBXGroup;
			children = (
				4C62028127307E650007EAB7 /* EssentialFeed */,
				4C62028D27307E650007EAB7 /* EssentialFeedTests */,
				5D10A546273E368900868C3A /* EssentialFeedAPIEndToEndTests */,
				5D067695277587DA00979180 /* EssentialFeedCacheIntegrationTests */,
				5D3A69DE27840B2700B39F36 /* EssentialFeediOS */,
				5D3A69E827840B2700B39F36 /* EssentialFeediOSTests */,
				4C62028027307E650007EAB7 /* Products */,
				5D3A6A0227855D8B00B39F36 /* Frameworks */,
			);
			sourceTree = "<group>";
		};
		4C62028027307E650007EAB7 /* Products */ = {
			isa = PBXGroup;
			children = (
				4C62027F27307E650007EAB7 /* EssentialFeed.framework */,
				4C62028927307E650007EAB7 /* EssentialFeedTests.xctest */,
				5D10A545273E368900868C3A /* EssentialFeedAPIEndToEndTests.xctest */,
				5D067694277587DA00979180 /* EssentialFeedCacheIntegrationTests.xctest */,
				5D3A69DD27840B2700B39F36 /* EssentialFeediOS.framework */,
				5D3A69E427840B2700B39F36 /* EssentialFeediOSTests.xctest */,
			);
			name = Products;
			sourceTree = "<group>";
		};
		4C62028127307E650007EAB7 /* EssentialFeed */ = {
			isa = PBXGroup;
			children = (
				5D4702552750AC51009A175E /* Feed Cache */,
				5DAC494E27422ADE0005A72C /* Feed Feature */,
				5D10A533273E364500868C3A /* Feed API */,
				4C62028227307E650007EAB7 /* EssentialFeed.h */,
				4C62028327307E650007EAB7 /* EssentialFeed.docc */,
			);
			path = EssentialFeed;
			sourceTree = "<group>";
		};
		4C62028D27307E650007EAB7 /* EssentialFeedTests */ = {
			isa = PBXGroup;
			children = (
				5D10A52D273E361900868C3A /* Helpers */,
				5D725A2D274B5EF40098B069 /* Feed Cache */,
				5D10A52B273E361900868C3A /* Feed API */,
			);
			path = EssentialFeedTests;
			sourceTree = "<group>";
		};
		5D067695277587DA00979180 /* EssentialFeedCacheIntegrationTests */ = {
			isa = PBXGroup;
			children = (
				5D067696277587DA00979180 /* EssentialFeedCacheIntegrationTests.swift */,
			);
			path = EssentialFeedCacheIntegrationTests;
			sourceTree = "<group>";
		};
		5D10A52B273E361900868C3A /* Feed API */ = {
			isa = PBXGroup;
			children = (
				5D10A52C273E361900868C3A /* LoadFeedFromRemoteUseCaseTests.swift */,
				5D10A52F273E361900868C3A /* URLSessionHTTPClientTests.swift */,
			);
			path = "Feed API";
			sourceTree = "<group>";
		};
		5D10A52D273E361900868C3A /* Helpers */ = {
			isa = PBXGroup;
			children = (
				5D10A52E273E361900868C3A /* XCTestCaseMemoryLeakTracking.swift */,
				5D02B715275DD5E3006CAC23 /* SharedTestHelpers.swift */,
			);
			path = Helpers;
			sourceTree = "<group>";
		};
		5D10A533273E364500868C3A /* Feed API */ = {
			isa = PBXGroup;
			children = (
				5D10A537273E364500868C3A /* RemoteFeedLoader.swift */,
				5D10A535273E364500868C3A /* FeedItemsMapper.swift */,
				5D10A536273E364500868C3A /* HTTPClient.swift */,
				5D10A534273E364500868C3A /* URLSessionHTTPClient.swift */,
				5D47025A2755EAEB009A175E /* RemoteFeedItem.swift */,
			);
			path = "Feed API";
			sourceTree = "<group>";
		};
		5D10A546273E368900868C3A /* EssentialFeedAPIEndToEndTests */ = {
			isa = PBXGroup;
			children = (
				5D10A547273E368900868C3A /* EssentialFeedAPIEndToEndTests.swift */,
			);
			path = EssentialFeedAPIEndToEndTests;
			sourceTree = "<group>";
		};
		5D3A69DE27840B2700B39F36 /* EssentialFeediOS */ = {
			isa = PBXGroup;
			children = (
				5D42CCA7278D3CF6006CE96E /* Feed Image Loader */,
				5D42CCA4278D3CD3006CE96E /* Feed UI */,
			);
			path = EssentialFeediOS;
			sourceTree = "<group>";
		};
		5D3A69E827840B2700B39F36 /* EssentialFeediOSTests */ = {
			isa = PBXGroup;
			children = (
				5D3A69F2278418CE00B39F36 /* FeedViewControllerTests.swift */,
			);
			path = EssentialFeediOSTests;
			sourceTree = "<group>";
		};
		5D3A6A0227855D8B00B39F36 /* Frameworks */ = {
			isa = PBXGroup;
			children = (
			);
			name = Frameworks;
			sourceTree = "<group>";
		};
		5D42CCA4278D3CD3006CE96E /* Feed UI */ = {
			isa = PBXGroup;
			children = (
				5D42CCB1278D508A006CE96E /* Feed Presentations */,
				5D42CCAE278D49B3006CE96E /* Composers */,
				5D42CCA6278D3CE7006CE96E /* Views */,
				5D42CCA5278D3CDA006CE96E /* Controllers */,
			);
			path = "Feed UI";
			sourceTree = "<group>";
		};
		5D42CCA5278D3CDA006CE96E /* Controllers */ = {
			isa = PBXGroup;
			children = (
				5D3A6A0927856B5900B39F36 /* FeedViewController.swift */,
				5D42CCAC278D459B006CE96E /* FeedImageCellController.swift */,
				5D42CCAA278D3F73006CE96E /* FeedRefreshViewController.swift */,
			);
			path = Controllers;
			sourceTree = "<group>";
		};
		5D42CCA6278D3CE7006CE96E /* Views */ = {
			isa = PBXGroup;
			children = (
				5D3A6A0D2786B4E900B39F36 /* FeedImageCell.swift */,
				5DA3898A278807B4003771AA /* UIView+Shimmering.swift */,
				5D8CF7152791C83E006F645F /* Feed.storyboard */,
				5D8CF7172791C89B006F645F /* Feed.xcassets */,
			);
			path = Views;
			sourceTree = "<group>";
		};
		5D42CCA7278D3CF6006CE96E /* Feed Image Loader */ = {
			isa = PBXGroup;
			children = (
				5D42CCA8278D3D10006CE96E /* FeedImageDataLoader.swift */,
			);
			path = "Feed Image Loader";
			sourceTree = "<group>";
		};
		5D42CCAE278D49B3006CE96E /* Composers */ = {
			isa = PBXGroup;
			children = (
				5D42CCAF278D49BB006CE96E /* FeedIUComposer.swift */,
			);
			path = Composers;
			sourceTree = "<group>";
		};
		5D42CCB1278D508A006CE96E /* Feed Presentations */ = {
			isa = PBXGroup;
			children = (
				5D42CCBE278E9976006CE96E /* FeedPresenter.swift */,
				5D42CCC427912FFE006CE96E /* FeedImagePresenter.swift */,
				5D42CCC2278E9C5F006CE96E /* FeedImageViewModel.swift */,
			);
			path = "Feed Presentations";
			sourceTree = "<group>";
		};
		5D4702552750AC51009A175E /* Feed Cache */ = {
			isa = PBXGroup;
			children = (
				5D5459042772EC0700E5D23A /* Infrastructure */,
				5D4702562750AC69009A175E /* LocalFeedLoader.swift */,
				5D4702582750ACD7009A175E /* FeedStore.swift */,
				5D47025C2755EB32009A175E /* LocalFeedImage.swift */,
				5D8EC926276081B8008666EC /* FeedCachePolicy.swift */,
			);
			path = "Feed Cache";
			sourceTree = "<group>";
		};
		5D4702602755F24D009A175E /* Helpers */ = {
			isa = PBXGroup;
			children = (
				5D4702612755F259009A175E /* FeedStoreSpy.swift */,
				5D02B713275DD528006CAC23 /* FeedCacheTestHelpers.swift */,
			);
			path = Helpers;
			sourceTree = "<group>";
		};
		5D5459042772EC0700E5D23A /* Infrastructure */ = {
			isa = PBXGroup;
			children = (
				5D5459052772EC0C00E5D23A /* CoreData */,
			);
			path = Infrastructure;
			sourceTree = "<group>";
		};
		5D5459052772EC0C00E5D23A /* CoreData */ = {
			isa = PBXGroup;
			children = (
				5DC9F977277041EB00AB1D41 /* CoreDataFeedStore.swift */,
				5D5459062772EC1E00E5D23A /* CoreDataHelpers.swift */,
				5D5459082772EC8300E5D23A /* ManagedCache.swift */,
				5D54590A2772ECA500E5D23A /* ManagedFeedImage.swift */,
				4CE83CAB27929A4E00BAD8CA /* FeedStore.xcdatamodeld */,
			);
			path = CoreData;
			sourceTree = "<group>";
		};
		5D725A2D274B5EF40098B069 /* Feed Cache */ = {
			isa = PBXGroup;
			children = (
				5DC9F98127719E1600AB1D41 /* FeedStoreSpecs */,
				5D4702602755F24D009A175E /* Helpers */,
				5D725A2E274B5F1B0098B069 /* CacheFeedUseCaseTests.swift */,
				5D47025E2755F130009A175E /* LoadFeedFromCacheUseCaseTests.swift */,
				5DD2DC0E2759E69100612D2B /* ValidateFeedCacheUseCaseTests.swift */,
				5DC9F9752770411B00AB1D41 /* CoreDataFeedStoreTests.swift */,
			);
			path = "Feed Cache";
			sourceTree = "<group>";
		};
		5DAC494E27422ADE0005A72C /* Feed Feature */ = {
			isa = PBXGroup;
			children = (
				5DAC494F27422AE80005A72C /* FeedImage.swift */,
				5DAC495127422AFA0005A72C /* FeedLoader.swift */,
			);
			path = "Feed Feature";
			sourceTree = "<group>";
		};
		5DC9F98127719E1600AB1D41 /* FeedStoreSpecs */ = {
			isa = PBXGroup;
			children = (
				5D801B8F276C554A00E5F970 /* FeedStoreSpecs.swift */,
				5D801B91276C55DB00E5F970 /* XCTestCase+FeedStoreSpecs.swift */,
				5DC9F98227719E6000AB1D41 /* XCTestCase+FailableRetrieveFeedStoreSpecs.swift */,
				5DC9F98427719EE700AB1D41 /* XCTestCase+FailableDeleteFeedStoreSpecs.swift */,
				5DC9F98627719F2400AB1D41 /* XCTestCase+FailableInsertFeedStoreSpecs.swift */,
			);
			path = FeedStoreSpecs;
			sourceTree = "<group>";
		};
/* End PBXGroup section */

/* Begin PBXHeadersBuildPhase section */
		4C62027A27307E650007EAB7 /* Headers */ = {
			isa = PBXHeadersBuildPhase;
			buildActionMask = 2147483647;
			files = (
				4C62029027307E650007EAB7 /* EssentialFeed.h in Headers */,
			);
			runOnlyForDeploymentPostprocessing = 0;
		};
		5D3A69D827840B2700B39F36 /* Headers */ = {
			isa = PBXHeadersBuildPhase;
			buildActionMask = 2147483647;
			files = (
			);
			runOnlyForDeploymentPostprocessing = 0;
		};
/* End PBXHeadersBuildPhase section */

/* Begin PBXNativeTarget section */
		4C62027E27307E650007EAB7 /* EssentialFeed */ = {
			isa = PBXNativeTarget;
			buildConfigurationList = 4C62029327307E650007EAB7 /* Build configuration list for PBXNativeTarget "EssentialFeed" */;
			buildPhases = (
				4C62027A27307E650007EAB7 /* Headers */,
				4C62027B27307E650007EAB7 /* Sources */,
				4C62027C27307E650007EAB7 /* Frameworks */,
				4C62027D27307E650007EAB7 /* Resources */,
			);
			buildRules = (
			);
			dependencies = (
			);
			name = EssentialFeed;
			productName = EssentialFeed;
			productReference = 4C62027F27307E650007EAB7 /* EssentialFeed.framework */;
			productType = "com.apple.product-type.framework";
		};
		4C62028827307E650007EAB7 /* EssentialFeedTests */ = {
			isa = PBXNativeTarget;
			buildConfigurationList = 4C62029627307E650007EAB7 /* Build configuration list for PBXNativeTarget "EssentialFeedTests" */;
			buildPhases = (
				4C62028527307E650007EAB7 /* Sources */,
				4C62028627307E650007EAB7 /* Frameworks */,
				4C62028727307E650007EAB7 /* Resources */,
			);
			buildRules = (
			);
			dependencies = (
				4C62028C27307E650007EAB7 /* PBXTargetDependency */,
			);
			name = EssentialFeedTests;
			productName = EssentialFeedTests;
			productReference = 4C62028927307E650007EAB7 /* EssentialFeedTests.xctest */;
			productType = "com.apple.product-type.bundle.unit-test";
		};
		5D067693277587DA00979180 /* EssentialFeedCacheIntegrationTests */ = {
			isa = PBXNativeTarget;
			buildConfigurationList = 5D06769D277587DA00979180 /* Build configuration list for PBXNativeTarget "EssentialFeedCacheIntegrationTests" */;
			buildPhases = (
				5D067690277587DA00979180 /* Sources */,
				5D067691277587DA00979180 /* Frameworks */,
				5D067692277587DA00979180 /* Resources */,
			);
			buildRules = (
			);
			dependencies = (
				5D06769A277587DA00979180 /* PBXTargetDependency */,
			);
			name = EssentialFeedCacheIntegrationTests;
			productName = EssentialFeedCacheIntegrationTests;
			productReference = 5D067694277587DA00979180 /* EssentialFeedCacheIntegrationTests.xctest */;
			productType = "com.apple.product-type.bundle.unit-test";
		};
		5D10A544273E368900868C3A /* EssentialFeedAPIEndToEndTests */ = {
			isa = PBXNativeTarget;
			buildConfigurationList = 5D10A54C273E368900868C3A /* Build configuration list for PBXNativeTarget "EssentialFeedAPIEndToEndTests" */;
			buildPhases = (
				5D10A541273E368900868C3A /* Sources */,
				5D10A542273E368900868C3A /* Frameworks */,
				5D10A543273E368900868C3A /* Resources */,
			);
			buildRules = (
			);
			dependencies = (
				5D10A54B273E368900868C3A /* PBXTargetDependency */,
			);
			name = EssentialFeedAPIEndToEndTests;
			productName = EssentialFeedAPIEndToEndTests;
			productReference = 5D10A545273E368900868C3A /* EssentialFeedAPIEndToEndTests.xctest */;
			productType = "com.apple.product-type.bundle.unit-test";
		};
		5D3A69DC27840B2700B39F36 /* EssentialFeediOS */ = {
			isa = PBXNativeTarget;
			buildConfigurationList = 5D3A69F027840B2700B39F36 /* Build configuration list for PBXNativeTarget "EssentialFeediOS" */;
			buildPhases = (
				5D3A69D827840B2700B39F36 /* Headers */,
				5D3A69D927840B2700B39F36 /* Sources */,
				5D3A69DA27840B2700B39F36 /* Frameworks */,
				5D3A69DB27840B2700B39F36 /* Resources */,
				5D3A6A0727855D8B00B39F36 /* Embed Frameworks */,
			);
			buildRules = (
			);
			dependencies = (
				5D3A6A0627855D8B00B39F36 /* PBXTargetDependency */,
			);
			name = EssentialFeediOS;
			productName = EssentialFeediOS;
			productReference = 5D3A69DD27840B2700B39F36 /* EssentialFeediOS.framework */;
			productType = "com.apple.product-type.framework";
		};
		5D3A69E327840B2700B39F36 /* EssentialFeediOSTests */ = {
			isa = PBXNativeTarget;
			buildConfigurationList = 5D3A69F127840B2700B39F36 /* Build configuration list for PBXNativeTarget "EssentialFeediOSTests" */;
			buildPhases = (
				5D3A69E027840B2700B39F36 /* Sources */,
				5D3A69E127840B2700B39F36 /* Frameworks */,
				5D3A69E227840B2700B39F36 /* Resources */,
			);
			buildRules = (
			);
			dependencies = (
				5D3A69E727840B2700B39F36 /* PBXTargetDependency */,
			);
			name = EssentialFeediOSTests;
			productName = EssentialFeediOSTests;
			productReference = 5D3A69E427840B2700B39F36 /* EssentialFeediOSTests.xctest */;
			productType = "com.apple.product-type.bundle.unit-test";
		};
/* End PBXNativeTarget section */

/* Begin PBXProject section */
		4C62027627307E650007EAB7 /* Project object */ = {
			isa = PBXProject;
			attributes = {
				BuildIndependentTargetsInParallel = 1;
				LastSwiftUpdateCheck = 1320;
				LastUpgradeCheck = 1310;
				TargetAttributes = {
					4C62027E27307E650007EAB7 = {
						CreatedOnToolsVersion = 13.1;
					};
					4C62028827307E650007EAB7 = {
						CreatedOnToolsVersion = 13.1;
					};
					5D067693277587DA00979180 = {
						CreatedOnToolsVersion = 13.2.1;
					};
					5D10A544273E368900868C3A = {
						CreatedOnToolsVersion = 13.1;
					};
					5D3A69DC27840B2700B39F36 = {
						CreatedOnToolsVersion = 13.2.1;
						LastSwiftMigration = 1320;
					};
					5D3A69E327840B2700B39F36 = {
						CreatedOnToolsVersion = 13.2.1;
						LastSwiftMigration = 1320;
					};
				};
			};
			buildConfigurationList = 4C62027927307E650007EAB7 /* Build configuration list for PBXProject "EssentialFeed" */;
			compatibilityVersion = "Xcode 13.0";
			developmentRegion = en;
			hasScannedForEncodings = 0;
			knownRegions = (
				en,
				Base,
			);
			mainGroup = 4C62027527307E650007EAB7;
			productRefGroup = 4C62028027307E650007EAB7 /* Products */;
			projectDirPath = "";
			projectRoot = "";
			targets = (
				4C62027E27307E650007EAB7 /* EssentialFeed */,
				4C62028827307E650007EAB7 /* EssentialFeedTests */,
				5D10A544273E368900868C3A /* EssentialFeedAPIEndToEndTests */,
				5D067693277587DA00979180 /* EssentialFeedCacheIntegrationTests */,
				5D3A69DC27840B2700B39F36 /* EssentialFeediOS */,
				5D3A69E327840B2700B39F36 /* EssentialFeediOSTests */,
			);
		};
/* End PBXProject section */

/* Begin PBXResourcesBuildPhase section */
		4C62027D27307E650007EAB7 /* Resources */ = {
			isa = PBXResourcesBuildPhase;
			buildActionMask = 2147483647;
			files = (
			);
			runOnlyForDeploymentPostprocessing = 0;
		};
		4C62028727307E650007EAB7 /* Resources */ = {
			isa = PBXResourcesBuildPhase;
			buildActionMask = 2147483647;
			files = (
			);
			runOnlyForDeploymentPostprocessing = 0;
		};
		5D067692277587DA00979180 /* Resources */ = {
			isa = PBXResourcesBuildPhase;
			buildActionMask = 2147483647;
			files = (
			);
			runOnlyForDeploymentPostprocessing = 0;
		};
		5D10A543273E368900868C3A /* Resources */ = {
			isa = PBXResourcesBuildPhase;
			buildActionMask = 2147483647;
			files = (
			);
			runOnlyForDeploymentPostprocessing = 0;
		};
		5D3A69DB27840B2700B39F36 /* Resources */ = {
			isa = PBXResourcesBuildPhase;
			buildActionMask = 2147483647;
			files = (
				5D8CF7162791C83E006F645F /* Feed.storyboard in Resources */,
				5D8CF7182791C89B006F645F /* Feed.xcassets in Resources */,
			);
			runOnlyForDeploymentPostprocessing = 0;
		};
		5D3A69E227840B2700B39F36 /* Resources */ = {
			isa = PBXResourcesBuildPhase;
			buildActionMask = 2147483647;
			files = (
			);
			runOnlyForDeploymentPostprocessing = 0;
		};
/* End PBXResourcesBuildPhase section */

/* Begin PBXSourcesBuildPhase section */
		4C62027B27307E650007EAB7 /* Sources */ = {
			isa = PBXSourcesBuildPhase;
			buildActionMask = 2147483647;
			files = (
				5D5459072772EC1E00E5D23A /* CoreDataHelpers.swift in Sources */,
				5D47025D2755EB32009A175E /* LocalFeedImage.swift in Sources */,
				5D4702592750ACD7009A175E /* FeedStore.swift in Sources */,
				5DAC495227422AFA0005A72C /* FeedLoader.swift in Sources */,
				5D10A539273E364500868C3A /* FeedItemsMapper.swift in Sources */,
				5D10A53B273E364500868C3A /* RemoteFeedLoader.swift in Sources */,
				4CE83CAD27929A4E00BAD8CA /* FeedStore.xcdatamodeld in Sources */,
				5DAC495027422AE80005A72C /* FeedImage.swift in Sources */,
				5DC9F978277041EB00AB1D41 /* CoreDataFeedStore.swift in Sources */,
				5D10A53A273E364500868C3A /* HTTPClient.swift in Sources */,
				5D47025B2755EAEB009A175E /* RemoteFeedItem.swift in Sources */,
				5D8EC927276081B8008666EC /* FeedCachePolicy.swift in Sources */,
				4C62028427307E650007EAB7 /* EssentialFeed.docc in Sources */,
				5D4702572750AC69009A175E /* LocalFeedLoader.swift in Sources */,
				5D5459092772EC8300E5D23A /* ManagedCache.swift in Sources */,
				5D10A538273E364500868C3A /* URLSessionHTTPClient.swift in Sources */,
				5D54590B2772ECA500E5D23A /* ManagedFeedImage.swift in Sources */,
			);
			runOnlyForDeploymentPostprocessing = 0;
		};
		4C62028527307E650007EAB7 /* Sources */ = {
			isa = PBXSourcesBuildPhase;
			buildActionMask = 2147483647;
			files = (
				5DC9F9762770411B00AB1D41 /* CoreDataFeedStoreTests.swift in Sources */,
				5D02B714275DD528006CAC23 /* FeedCacheTestHelpers.swift in Sources */,
				5DC9F98327719E6000AB1D41 /* XCTestCase+FailableRetrieveFeedStoreSpecs.swift in Sources */,
				5DD2DC0F2759E69100612D2B /* ValidateFeedCacheUseCaseTests.swift in Sources */,
				5D10A531273E361900868C3A /* XCTestCaseMemoryLeakTracking.swift in Sources */,
				5D10A532273E361900868C3A /* URLSessionHTTPClientTests.swift in Sources */,
				5D4702622755F259009A175E /* FeedStoreSpy.swift in Sources */,
				5D02B716275DD5E3006CAC23 /* SharedTestHelpers.swift in Sources */,
				5DC9F98527719EE700AB1D41 /* XCTestCase+FailableDeleteFeedStoreSpecs.swift in Sources */,
				5D725A2F274B5F1B0098B069 /* CacheFeedUseCaseTests.swift in Sources */,
				5D47025F2755F130009A175E /* LoadFeedFromCacheUseCaseTests.swift in Sources */,
				5D801B90276C554A00E5F970 /* FeedStoreSpecs.swift in Sources */,
				5D10A530273E361900868C3A /* LoadFeedFromRemoteUseCaseTests.swift in Sources */,
				5DC9F98727719F2400AB1D41 /* XCTestCase+FailableInsertFeedStoreSpecs.swift in Sources */,
				5D801B92276C55DB00E5F970 /* XCTestCase+FeedStoreSpecs.swift in Sources */,
			);
			runOnlyForDeploymentPostprocessing = 0;
		};
		5D067690277587DA00979180 /* Sources */ = {
			isa = PBXSourcesBuildPhase;
			buildActionMask = 2147483647;
			files = (
				5D0676A027758D3B00979180 /* SharedTestHelpers.swift in Sources */,
				5D067697277587DA00979180 /* EssentialFeedCacheIntegrationTests.swift in Sources */,
				5D06769F27758D1500979180 /* FeedCacheTestHelpers.swift in Sources */,
				5D06769E27758A9500979180 /* XCTestCaseMemoryLeakTracking.swift in Sources */,
			);
			runOnlyForDeploymentPostprocessing = 0;
		};
		5D10A541273E368900868C3A /* Sources */ = {
			isa = PBXSourcesBuildPhase;
			buildActionMask = 2147483647;
			files = (
				5D10A548273E368900868C3A /* EssentialFeedAPIEndToEndTests.swift in Sources */,
				5D10A54F273E36A200868C3A /* XCTestCaseMemoryLeakTracking.swift in Sources */,
			);
			runOnlyForDeploymentPostprocessing = 0;
		};
		5D3A69D927840B2700B39F36 /* Sources */ = {
			isa = PBXSourcesBuildPhase;
			buildActionMask = 2147483647;
			files = (
				5D42CCC3278E9C5F006CE96E /* FeedImageViewModel.swift in Sources */,
				5D42CCB0278D49BB006CE96E /* FeedIUComposer.swift in Sources */,
				5D42CCA9278D3D10006CE96E /* FeedImageDataLoader.swift in Sources */,
				5D42CCAB278D3F73006CE96E /* FeedRefreshViewController.swift in Sources */,
				5D42CCC527912FFE006CE96E /* FeedImagePresenter.swift in Sources */,
				5DA3898B278807B4003771AA /* UIView+Shimmering.swift in Sources */,
				5D3A6A0A27856B5900B39F36 /* FeedViewController.swift in Sources */,
				5D3A6A0E2786B4E900B39F36 /* FeedImageCell.swift in Sources */,
				5D42CCBF278E9976006CE96E /* FeedPresenter.swift in Sources */,
				5D42CCAD278D459B006CE96E /* FeedImageCellController.swift in Sources */,
			);
			runOnlyForDeploymentPostprocessing = 0;
		};
		5D3A69E027840B2700B39F36 /* Sources */ = {
			isa = PBXSourcesBuildPhase;
			buildActionMask = 2147483647;
			files = (
				5D3A69F3278418CE00B39F36 /* FeedViewControllerTests.swift in Sources */,
				5D3A6A0827855E8000B39F36 /* XCTestCaseMemoryLeakTracking.swift in Sources */,
			);
			runOnlyForDeploymentPostprocessing = 0;
		};
/* End PBXSourcesBuildPhase section */

/* Begin PBXTargetDependency section */
		4C62028C27307E650007EAB7 /* PBXTargetDependency */ = {
			isa = PBXTargetDependency;
			target = 4C62027E27307E650007EAB7 /* EssentialFeed */;
			targetProxy = 4C62028B27307E650007EAB7 /* PBXContainerItemProxy */;
		};
		5D06769A277587DA00979180 /* PBXTargetDependency */ = {
			isa = PBXTargetDependency;
			target = 4C62027E27307E650007EAB7 /* EssentialFeed */;
			targetProxy = 5D067699277587DA00979180 /* PBXContainerItemProxy */;
		};
		5D10A54B273E368900868C3A /* PBXTargetDependency */ = {
			isa = PBXTargetDependency;
			target = 4C62027E27307E650007EAB7 /* EssentialFeed */;
			targetProxy = 5D10A54A273E368900868C3A /* PBXContainerItemProxy */;
		};
		5D3A69E727840B2700B39F36 /* PBXTargetDependency */ = {
			isa = PBXTargetDependency;
			target = 5D3A69DC27840B2700B39F36 /* EssentialFeediOS */;
			targetProxy = 5D3A69E627840B2700B39F36 /* PBXContainerItemProxy */;
		};
		5D3A6A0627855D8B00B39F36 /* PBXTargetDependency */ = {
			isa = PBXTargetDependency;
			platformFilter = ios;
			target = 4C62027E27307E650007EAB7 /* EssentialFeed */;
			targetProxy = 5D3A6A0527855D8B00B39F36 /* PBXContainerItemProxy */;
		};
/* End PBXTargetDependency section */

/* Begin XCBuildConfiguration section */
		4C62029127307E650007EAB7 /* Debug */ = {
			isa = XCBuildConfiguration;
			buildSettings = {
				ALWAYS_SEARCH_USER_PATHS = NO;
				CLANG_ANALYZER_NONNULL = YES;
				CLANG_ANALYZER_NUMBER_OBJECT_CONVERSION = YES_AGGRESSIVE;
				CLANG_CXX_LANGUAGE_STANDARD = "gnu++17";
				CLANG_CXX_LIBRARY = "libc++";
				CLANG_ENABLE_MODULES = YES;
				CLANG_ENABLE_OBJC_ARC = YES;
				CLANG_ENABLE_OBJC_WEAK = YES;
				CLANG_WARN_BLOCK_CAPTURE_AUTORELEASING = YES;
				CLANG_WARN_BOOL_CONVERSION = YES;
				CLANG_WARN_COMMA = YES;
				CLANG_WARN_CONSTANT_CONVERSION = YES;
				CLANG_WARN_DEPRECATED_OBJC_IMPLEMENTATIONS = YES;
				CLANG_WARN_DIRECT_OBJC_ISA_USAGE = YES_ERROR;
				CLANG_WARN_DOCUMENTATION_COMMENTS = YES;
				CLANG_WARN_EMPTY_BODY = YES;
				CLANG_WARN_ENUM_CONVERSION = YES;
				CLANG_WARN_INFINITE_RECURSION = YES;
				CLANG_WARN_INT_CONVERSION = YES;
				CLANG_WARN_NON_LITERAL_NULL_CONVERSION = YES;
				CLANG_WARN_OBJC_IMPLICIT_RETAIN_SELF = YES;
				CLANG_WARN_OBJC_LITERAL_CONVERSION = YES;
				CLANG_WARN_OBJC_ROOT_CLASS = YES_ERROR;
				CLANG_WARN_QUOTED_INCLUDE_IN_FRAMEWORK_HEADER = YES;
				CLANG_WARN_RANGE_LOOP_ANALYSIS = YES;
				CLANG_WARN_STRICT_PROTOTYPES = YES;
				CLANG_WARN_SUSPICIOUS_MOVE = YES;
				CLANG_WARN_UNGUARDED_AVAILABILITY = YES_AGGRESSIVE;
				CLANG_WARN_UNREACHABLE_CODE = YES;
				CLANG_WARN__DUPLICATE_METHOD_MATCH = YES;
				COPY_PHASE_STRIP = NO;
				CURRENT_PROJECT_VERSION = 1;
				DEBUG_INFORMATION_FORMAT = dwarf;
				ENABLE_STRICT_OBJC_MSGSEND = YES;
				ENABLE_TESTABILITY = YES;
				GCC_C_LANGUAGE_STANDARD = gnu11;
				GCC_DYNAMIC_NO_PIC = NO;
				GCC_NO_COMMON_BLOCKS = YES;
				GCC_OPTIMIZATION_LEVEL = 0;
				GCC_PREPROCESSOR_DEFINITIONS = (
					"DEBUG=1",
					"$(inherited)",
				);
				GCC_WARN_64_TO_32_BIT_CONVERSION = YES;
				GCC_WARN_ABOUT_RETURN_TYPE = YES_ERROR;
				GCC_WARN_UNDECLARED_SELECTOR = YES;
				GCC_WARN_UNINITIALIZED_AUTOS = YES_AGGRESSIVE;
				GCC_WARN_UNUSED_FUNCTION = YES;
				GCC_WARN_UNUSED_VARIABLE = YES;
				MACOSX_DEPLOYMENT_TARGET = 12.0;
				MTL_ENABLE_DEBUG_INFO = INCLUDE_SOURCE;
				MTL_FAST_MATH = YES;
				ONLY_ACTIVE_ARCH = YES;
				SDKROOT = macosx;
				SWIFT_ACTIVE_COMPILATION_CONDITIONS = DEBUG;
				SWIFT_OPTIMIZATION_LEVEL = "-Onone";
				VERSIONING_SYSTEM = "apple-generic";
				VERSION_INFO_PREFIX = "";
			};
			name = Debug;
		};
		4C62029227307E650007EAB7 /* Release */ = {
			isa = XCBuildConfiguration;
			buildSettings = {
				ALWAYS_SEARCH_USER_PATHS = NO;
				CLANG_ANALYZER_NONNULL = YES;
				CLANG_ANALYZER_NUMBER_OBJECT_CONVERSION = YES_AGGRESSIVE;
				CLANG_CXX_LANGUAGE_STANDARD = "gnu++17";
				CLANG_CXX_LIBRARY = "libc++";
				CLANG_ENABLE_MODULES = YES;
				CLANG_ENABLE_OBJC_ARC = YES;
				CLANG_ENABLE_OBJC_WEAK = YES;
				CLANG_WARN_BLOCK_CAPTURE_AUTORELEASING = YES;
				CLANG_WARN_BOOL_CONVERSION = YES;
				CLANG_WARN_COMMA = YES;
				CLANG_WARN_CONSTANT_CONVERSION = YES;
				CLANG_WARN_DEPRECATED_OBJC_IMPLEMENTATIONS = YES;
				CLANG_WARN_DIRECT_OBJC_ISA_USAGE = YES_ERROR;
				CLANG_WARN_DOCUMENTATION_COMMENTS = YES;
				CLANG_WARN_EMPTY_BODY = YES;
				CLANG_WARN_ENUM_CONVERSION = YES;
				CLANG_WARN_INFINITE_RECURSION = YES;
				CLANG_WARN_INT_CONVERSION = YES;
				CLANG_WARN_NON_LITERAL_NULL_CONVERSION = YES;
				CLANG_WARN_OBJC_IMPLICIT_RETAIN_SELF = YES;
				CLANG_WARN_OBJC_LITERAL_CONVERSION = YES;
				CLANG_WARN_OBJC_ROOT_CLASS = YES_ERROR;
				CLANG_WARN_QUOTED_INCLUDE_IN_FRAMEWORK_HEADER = YES;
				CLANG_WARN_RANGE_LOOP_ANALYSIS = YES;
				CLANG_WARN_STRICT_PROTOTYPES = YES;
				CLANG_WARN_SUSPICIOUS_MOVE = YES;
				CLANG_WARN_UNGUARDED_AVAILABILITY = YES_AGGRESSIVE;
				CLANG_WARN_UNREACHABLE_CODE = YES;
				CLANG_WARN__DUPLICATE_METHOD_MATCH = YES;
				COPY_PHASE_STRIP = NO;
				CURRENT_PROJECT_VERSION = 1;
				DEBUG_INFORMATION_FORMAT = "dwarf-with-dsym";
				ENABLE_NS_ASSERTIONS = NO;
				ENABLE_STRICT_OBJC_MSGSEND = YES;
				GCC_C_LANGUAGE_STANDARD = gnu11;
				GCC_NO_COMMON_BLOCKS = YES;
				GCC_WARN_64_TO_32_BIT_CONVERSION = YES;
				GCC_WARN_ABOUT_RETURN_TYPE = YES_ERROR;
				GCC_WARN_UNDECLARED_SELECTOR = YES;
				GCC_WARN_UNINITIALIZED_AUTOS = YES_AGGRESSIVE;
				GCC_WARN_UNUSED_FUNCTION = YES;
				GCC_WARN_UNUSED_VARIABLE = YES;
				MACOSX_DEPLOYMENT_TARGET = 12.0;
				MTL_ENABLE_DEBUG_INFO = NO;
				MTL_FAST_MATH = YES;
				SDKROOT = macosx;
				SWIFT_COMPILATION_MODE = wholemodule;
				SWIFT_OPTIMIZATION_LEVEL = "-O";
				VERSIONING_SYSTEM = "apple-generic";
				VERSION_INFO_PREFIX = "";
			};
			name = Release;
		};
		4C62029427307E650007EAB7 /* Debug */ = {
			isa = XCBuildConfiguration;
			buildSettings = {
				CODE_SIGN_STYLE = Automatic;
				COMBINE_HIDPI_IMAGES = YES;
				CURRENT_PROJECT_VERSION = 1;
				DEFINES_MODULE = YES;
				DEVELOPMENT_TEAM = ZUTM2D9M6W;
				DYLIB_COMPATIBILITY_VERSION = 1;
				DYLIB_CURRENT_VERSION = 1;
				DYLIB_INSTALL_NAME_BASE = "@rpath";
				GENERATE_INFOPLIST_FILE = YES;
				INFOPLIST_KEY_NSHumanReadableCopyright = "";
				INSTALL_PATH = "$(LOCAL_LIBRARY_DIR)/Frameworks";
				LD_RUNPATH_SEARCH_PATHS = (
					"$(inherited)",
					"@executable_path/../Frameworks",
					"@loader_path/Frameworks",
				);
				MARKETING_VERSION = 1.0;
				PRODUCT_BUNDLE_IDENTIFIER = com.bitar.EssentialFeed;
				PRODUCT_NAME = "$(TARGET_NAME:c99extidentifier)";
				SKIP_INSTALL = YES;
				SUPPORTED_PLATFORMS = "macosx iphoneos iphonesimulator";
				SWIFT_EMIT_LOC_STRINGS = YES;
				SWIFT_VERSION = 5.0;
			};
			name = Debug;
		};
		4C62029527307E650007EAB7 /* Release */ = {
			isa = XCBuildConfiguration;
			buildSettings = {
				CODE_SIGN_STYLE = Automatic;
				COMBINE_HIDPI_IMAGES = YES;
				CURRENT_PROJECT_VERSION = 1;
				DEFINES_MODULE = YES;
				DEVELOPMENT_TEAM = ZUTM2D9M6W;
				DYLIB_COMPATIBILITY_VERSION = 1;
				DYLIB_CURRENT_VERSION = 1;
				DYLIB_INSTALL_NAME_BASE = "@rpath";
				GENERATE_INFOPLIST_FILE = YES;
				INFOPLIST_KEY_NSHumanReadableCopyright = "";
				INSTALL_PATH = "$(LOCAL_LIBRARY_DIR)/Frameworks";
				LD_RUNPATH_SEARCH_PATHS = (
					"$(inherited)",
					"@executable_path/../Frameworks",
					"@loader_path/Frameworks",
				);
				MARKETING_VERSION = 1.0;
				PRODUCT_BUNDLE_IDENTIFIER = com.bitar.EssentialFeed;
				PRODUCT_NAME = "$(TARGET_NAME:c99extidentifier)";
				SKIP_INSTALL = YES;
				SUPPORTED_PLATFORMS = "macosx iphoneos iphonesimulator";
				SWIFT_EMIT_LOC_STRINGS = YES;
				SWIFT_VERSION = 5.0;
			};
			name = Release;
		};
		4C62029727307E650007EAB7 /* Debug */ = {
			isa = XCBuildConfiguration;
			buildSettings = {
				ALWAYS_EMBED_SWIFT_STANDARD_LIBRARIES = YES;
				CODE_SIGN_STYLE = Automatic;
				COMBINE_HIDPI_IMAGES = YES;
				CURRENT_PROJECT_VERSION = 1;
				DEVELOPMENT_TEAM = ZUTM2D9M6W;
				GENERATE_INFOPLIST_FILE = YES;
				LD_RUNPATH_SEARCH_PATHS = (
					"$(inherited)",
					"@executable_path/../Frameworks",
					"@loader_path/../Frameworks",
				);
				MARKETING_VERSION = 1.0;
				PRODUCT_BUNDLE_IDENTIFIER = com.bitar.EssentialFeedTests;
				PRODUCT_NAME = "$(TARGET_NAME)";
				SUPPORTED_PLATFORMS = "macosx iphoneos iphonesimulator";
				SWIFT_EMIT_LOC_STRINGS = NO;
				SWIFT_VERSION = 5.0;
			};
			name = Debug;
		};
		4C62029827307E650007EAB7 /* Release */ = {
			isa = XCBuildConfiguration;
			buildSettings = {
				ALWAYS_EMBED_SWIFT_STANDARD_LIBRARIES = YES;
				CODE_SIGN_STYLE = Automatic;
				COMBINE_HIDPI_IMAGES = YES;
				CURRENT_PROJECT_VERSION = 1;
				DEVELOPMENT_TEAM = ZUTM2D9M6W;
				GENERATE_INFOPLIST_FILE = YES;
				LD_RUNPATH_SEARCH_PATHS = (
					"$(inherited)",
					"@executable_path/../Frameworks",
					"@loader_path/../Frameworks",
				);
				MARKETING_VERSION = 1.0;
				PRODUCT_BUNDLE_IDENTIFIER = com.bitar.EssentialFeedTests;
				PRODUCT_NAME = "$(TARGET_NAME)";
				SUPPORTED_PLATFORMS = "macosx iphoneos iphonesimulator";
				SWIFT_EMIT_LOC_STRINGS = NO;
				SWIFT_VERSION = 5.0;
			};
			name = Release;
		};
		5D06769B277587DA00979180 /* Debug */ = {
			isa = XCBuildConfiguration;
			buildSettings = {
				CODE_SIGN_STYLE = Automatic;
				CURRENT_PROJECT_VERSION = 1;
				DEVELOPMENT_TEAM = ZUTM2D9M6W;
				GENERATE_INFOPLIST_FILE = YES;
				MARKETING_VERSION = 1.0;
				PRODUCT_BUNDLE_IDENTIFIER = com.bitar.EssentialFeedCacheIntegrationTests;
				PRODUCT_NAME = "$(TARGET_NAME)";
				SUPPORTED_PLATFORMS = "macosx iphoneos iphonesimulator";
				SWIFT_EMIT_LOC_STRINGS = NO;
				SWIFT_VERSION = 5.0;
			};
			name = Debug;
		};
		5D06769C277587DA00979180 /* Release */ = {
			isa = XCBuildConfiguration;
			buildSettings = {
				CODE_SIGN_STYLE = Automatic;
				CURRENT_PROJECT_VERSION = 1;
				DEVELOPMENT_TEAM = ZUTM2D9M6W;
				GENERATE_INFOPLIST_FILE = YES;
				MARKETING_VERSION = 1.0;
				PRODUCT_BUNDLE_IDENTIFIER = com.bitar.EssentialFeedCacheIntegrationTests;
				PRODUCT_NAME = "$(TARGET_NAME)";
				SUPPORTED_PLATFORMS = "macosx iphoneos iphonesimulator";
				SWIFT_EMIT_LOC_STRINGS = NO;
				SWIFT_VERSION = 5.0;
			};
			name = Release;
		};
		5D10A54D273E368900868C3A /* Debug */ = {
			isa = XCBuildConfiguration;
			buildSettings = {
				CODE_SIGN_STYLE = Automatic;
				COMBINE_HIDPI_IMAGES = YES;
				CURRENT_PROJECT_VERSION = 1;
				DEVELOPMENT_TEAM = ZUTM2D9M6W;
				GENERATE_INFOPLIST_FILE = YES;
				LD_RUNPATH_SEARCH_PATHS = (
					"$(inherited)",
					"@executable_path/../Frameworks",
					"@loader_path/../Frameworks",
				);
				MARKETING_VERSION = 1.0;
				PRODUCT_BUNDLE_IDENTIFIER = com.bitar.EssentialFeedAPIEndToEndTests;
				PRODUCT_NAME = "$(TARGET_NAME)";
				SUPPORTED_PLATFORMS = "macosx iphoneos iphonesimulator";
				SWIFT_EMIT_LOC_STRINGS = NO;
				SWIFT_VERSION = 5.0;
			};
			name = Debug;
		};
		5D10A54E273E368900868C3A /* Release */ = {
			isa = XCBuildConfiguration;
			buildSettings = {
				CODE_SIGN_STYLE = Automatic;
				COMBINE_HIDPI_IMAGES = YES;
				CURRENT_PROJECT_VERSION = 1;
				DEVELOPMENT_TEAM = ZUTM2D9M6W;
				GENERATE_INFOPLIST_FILE = YES;
				LD_RUNPATH_SEARCH_PATHS = (
					"$(inherited)",
					"@executable_path/../Frameworks",
					"@loader_path/../Frameworks",
				);
				MARKETING_VERSION = 1.0;
				PRODUCT_BUNDLE_IDENTIFIER = com.bitar.EssentialFeedAPIEndToEndTests;
				PRODUCT_NAME = "$(TARGET_NAME)";
				SUPPORTED_PLATFORMS = "macosx iphoneos iphonesimulator";
				SWIFT_EMIT_LOC_STRINGS = NO;
				SWIFT_VERSION = 5.0;
			};
			name = Release;
		};
		5D3A69EC27840B2700B39F36 /* Debug */ = {
			isa = XCBuildConfiguration;
			buildSettings = {
				CLANG_ENABLE_MODULES = YES;
				CODE_SIGN_STYLE = Automatic;
				CURRENT_PROJECT_VERSION = 1;
				DEFINES_MODULE = YES;
				DEVELOPMENT_TEAM = ZUTM2D9M6W;
				DYLIB_COMPATIBILITY_VERSION = 1;
				DYLIB_CURRENT_VERSION = 1;
				DYLIB_INSTALL_NAME_BASE = "@rpath";
				GENERATE_INFOPLIST_FILE = YES;
				INFOPLIST_KEY_NSHumanReadableCopyright = "";
				INSTALL_PATH = "$(LOCAL_LIBRARY_DIR)/Frameworks";
				IPHONEOS_DEPLOYMENT_TARGET = 15.2;
				LD_RUNPATH_SEARCH_PATHS = (
					"$(inherited)",
					"@executable_path/Frameworks",
					"@loader_path/Frameworks",
				);
				MARKETING_VERSION = 1.0;
				PRODUCT_BUNDLE_IDENTIFIER = com.bitar.EssentialFeediOS;
				PRODUCT_NAME = "$(TARGET_NAME:c99extidentifier)";
				SDKROOT = iphoneos;
				SKIP_INSTALL = YES;
				SWIFT_EMIT_LOC_STRINGS = YES;
				SWIFT_OPTIMIZATION_LEVEL = "-Onone";
				SWIFT_VERSION = 5.0;
				TARGETED_DEVICE_FAMILY = "1,2";
			};
			name = Debug;
		};
		5D3A69ED27840B2700B39F36 /* Release */ = {
			isa = XCBuildConfiguration;
			buildSettings = {
				CLANG_ENABLE_MODULES = YES;
				CODE_SIGN_STYLE = Automatic;
				CURRENT_PROJECT_VERSION = 1;
				DEFINES_MODULE = YES;
				DEVELOPMENT_TEAM = ZUTM2D9M6W;
				DYLIB_COMPATIBILITY_VERSION = 1;
				DYLIB_CURRENT_VERSION = 1;
				DYLIB_INSTALL_NAME_BASE = "@rpath";
				GENERATE_INFOPLIST_FILE = YES;
				INFOPLIST_KEY_NSHumanReadableCopyright = "";
				INSTALL_PATH = "$(LOCAL_LIBRARY_DIR)/Frameworks";
				IPHONEOS_DEPLOYMENT_TARGET = 15.2;
				LD_RUNPATH_SEARCH_PATHS = (
					"$(inherited)",
					"@executable_path/Frameworks",
					"@loader_path/Frameworks",
				);
				MARKETING_VERSION = 1.0;
				PRODUCT_BUNDLE_IDENTIFIER = com.bitar.EssentialFeediOS;
				PRODUCT_NAME = "$(TARGET_NAME:c99extidentifier)";
				SDKROOT = iphoneos;
				SKIP_INSTALL = YES;
				SWIFT_EMIT_LOC_STRINGS = YES;
				SWIFT_VERSION = 5.0;
				TARGETED_DEVICE_FAMILY = "1,2";
				VALIDATE_PRODUCT = YES;
			};
			name = Release;
		};
		5D3A69EE27840B2700B39F36 /* Debug */ = {
			isa = XCBuildConfiguration;
			buildSettings = {
				ALWAYS_EMBED_SWIFT_STANDARD_LIBRARIES = YES;
				CLANG_ENABLE_MODULES = YES;
				CODE_SIGN_STYLE = Automatic;
				CURRENT_PROJECT_VERSION = 1;
				DEVELOPMENT_TEAM = ZUTM2D9M6W;
				GENERATE_INFOPLIST_FILE = YES;
				IPHONEOS_DEPLOYMENT_TARGET = 15.2;
				LD_RUNPATH_SEARCH_PATHS = (
					"$(inherited)",
					"@executable_path/Frameworks",
					"@loader_path/Frameworks",
				);
				MARKETING_VERSION = 1.0;
				PRODUCT_BUNDLE_IDENTIFIER = com.bitar.EssentialFeediOSTests;
				PRODUCT_NAME = "$(TARGET_NAME)";
				SDKROOT = iphoneos;
				SWIFT_EMIT_LOC_STRINGS = NO;
				SWIFT_OPTIMIZATION_LEVEL = "-Onone";
				SWIFT_VERSION = 5.0;
				TARGETED_DEVICE_FAMILY = "1,2";
			};
			name = Debug;
		};
		5D3A69EF27840B2700B39F36 /* Release */ = {
			isa = XCBuildConfiguration;
			buildSettings = {
				ALWAYS_EMBED_SWIFT_STANDARD_LIBRARIES = YES;
				CLANG_ENABLE_MODULES = YES;
				CODE_SIGN_STYLE = Automatic;
				CURRENT_PROJECT_VERSION = 1;
				DEVELOPMENT_TEAM = ZUTM2D9M6W;
				GENERATE_INFOPLIST_FILE = YES;
				IPHONEOS_DEPLOYMENT_TARGET = 15.2;
				LD_RUNPATH_SEARCH_PATHS = (
					"$(inherited)",
					"@executable_path/Frameworks",
					"@loader_path/Frameworks",
				);
				MARKETING_VERSION = 1.0;
				PRODUCT_BUNDLE_IDENTIFIER = com.bitar.EssentialFeediOSTests;
				PRODUCT_NAME = "$(TARGET_NAME)";
				SDKROOT = iphoneos;
				SWIFT_EMIT_LOC_STRINGS = NO;
				SWIFT_VERSION = 5.0;
				TARGETED_DEVICE_FAMILY = "1,2";
				VALIDATE_PRODUCT = YES;
			};
			name = Release;
		};
/* End XCBuildConfiguration section */

/* Begin XCConfigurationList section */
		4C62027927307E650007EAB7 /* Build configuration list for PBXProject "EssentialFeed" */ = {
			isa = XCConfigurationList;
			buildConfigurations = (
				4C62029127307E650007EAB7 /* Debug */,
				4C62029227307E650007EAB7 /* Release */,
			);
			defaultConfigurationIsVisible = 0;
			defaultConfigurationName = Release;
		};
		4C62029327307E650007EAB7 /* Build configuration list for PBXNativeTarget "EssentialFeed" */ = {
			isa = XCConfigurationList;
			buildConfigurations = (
				4C62029427307E650007EAB7 /* Debug */,
				4C62029527307E650007EAB7 /* Release */,
			);
			defaultConfigurationIsVisible = 0;
			defaultConfigurationName = Release;
		};
		4C62029627307E650007EAB7 /* Build configuration list for PBXNativeTarget "EssentialFeedTests" */ = {
			isa = XCConfigurationList;
			buildConfigurations = (
				4C62029727307E650007EAB7 /* Debug */,
				4C62029827307E650007EAB7 /* Release */,
			);
			defaultConfigurationIsVisible = 0;
			defaultConfigurationName = Release;
		};
		5D06769D277587DA00979180 /* Build configuration list for PBXNativeTarget "EssentialFeedCacheIntegrationTests" */ = {
			isa = XCConfigurationList;
			buildConfigurations = (
				5D06769B277587DA00979180 /* Debug */,
				5D06769C277587DA00979180 /* Release */,
			);
			defaultConfigurationIsVisible = 0;
			defaultConfigurationName = Release;
		};
		5D10A54C273E368900868C3A /* Build configuration list for PBXNativeTarget "EssentialFeedAPIEndToEndTests" */ = {
			isa = XCConfigurationList;
			buildConfigurations = (
				5D10A54D273E368900868C3A /* Debug */,
				5D10A54E273E368900868C3A /* Release */,
			);
			defaultConfigurationIsVisible = 0;
			defaultConfigurationName = Release;
		};
		5D3A69F027840B2700B39F36 /* Build configuration list for PBXNativeTarget "EssentialFeediOS" */ = {
			isa = XCConfigurationList;
			buildConfigurations = (
				5D3A69EC27840B2700B39F36 /* Debug */,
				5D3A69ED27840B2700B39F36 /* Release */,
			);
			defaultConfigurationIsVisible = 0;
			defaultConfigurationName = Release;
		};
		5D3A69F127840B2700B39F36 /* Build configuration list for PBXNativeTarget "EssentialFeediOSTests" */ = {
			isa = XCConfigurationList;
			buildConfigurations = (
				5D3A69EE27840B2700B39F36 /* Debug */,
				5D3A69EF27840B2700B39F36 /* Release */,
			);
			defaultConfigurationIsVisible = 0;
			defaultConfigurationName = Release;
		};
/* End XCConfigurationList section */

/* Begin XCVersionGroup section */
		4CE83CAB27929A4E00BAD8CA /* FeedStore.xcdatamodeld */ = {
			isa = XCVersionGroup;
			children = (
				4CE83CAC27929A4E00BAD8CA /* FeedStore.xcdatamodel */,
			);
			currentVersion = 4CE83CAC27929A4E00BAD8CA /* FeedStore.xcdatamodel */;
			name = FeedStore.xcdatamodeld;
			path = "../../../../../../Downloads/EssentialFeed-feature-image-feed-cache-feed-use-case/EssentialFeed/Feed Cache/Infrastructure/CoreData/FeedStore.xcdatamodeld";
			sourceTree = "<group>";
			versionGroupType = wrapper.xcdatamodel;
		};
/* End XCVersionGroup section */
	};
	rootObject = 4C62027627307E650007EAB7 /* Project object */;
}
