// !$*UTF8*$!
{
	archiveVersion = 1;
	classes = {
	};
	objectVersion = 55;
	objects = {

/* Begin PBXBuildFile section */
		5D04E22827A117BD007AC988 /* AppDelegate.swift in Sources */ = {isa = PBXBuildFile; fileRef = 5D04E22727A117BD007AC988 /* AppDelegate.swift */; };
		5D04E22A27A117BD007AC988 /* SceneDelegate.swift in Sources */ = {isa = PBXBuildFile; fileRef = 5D04E22927A117BD007AC988 /* SceneDelegate.swift */; };
		5D04E22C27A117BD007AC988 /* ViewController.swift in Sources */ = {isa = PBXBuildFile; fileRef = 5D04E22B27A117BD007AC988 /* ViewController.swift */; };
		5D04E22F27A117BD007AC988 /* Main.storyboard in Resources */ = {isa = PBXBuildFile; fileRef = 5D04E22D27A117BD007AC988 /* Main.storyboard */; };
		5D04E23127A117BE007AC988 /* Assets.xcassets in Resources */ = {isa = PBXBuildFile; fileRef = 5D04E23027A117BE007AC988 /* Assets.xcassets */; };
		5D04E23427A117BE007AC988 /* LaunchScreen.storyboard in Resources */ = {isa = PBXBuildFile; fileRef = 5D04E23227A117BE007AC988 /* LaunchScreen.storyboard */; };
		5D04E23F27A117BF007AC988 /* FeedLoaderWithFallbackCompositeTests.swift in Sources */ = {isa = PBXBuildFile; fileRef = 5D04E23E27A117BF007AC988 /* FeedLoaderWithFallbackCompositeTests.swift */; };
		5D04E25A27A11873007AC988 /* EssentialFeed.framework in Frameworks */ = {isa = PBXBuildFile; fileRef = 5D04E25827A11873007AC988 /* EssentialFeed.framework */; };
		5D04E25B27A11873007AC988 /* EssentialFeed.framework in Embed Frameworks */ = {isa = PBXBuildFile; fileRef = 5D04E25827A11873007AC988 /* EssentialFeed.framework */; settings = {ATTRIBUTES = (CodeSignOnCopy, RemoveHeadersOnCopy, ); }; };
		5D04E25C27A11873007AC988 /* EssentialFeediOS.framework in Frameworks */ = {isa = PBXBuildFile; fileRef = 5D04E25927A11873007AC988 /* EssentialFeediOS.framework */; };
		5D04E25D27A11873007AC988 /* EssentialFeediOS.framework in Embed Frameworks */ = {isa = PBXBuildFile; fileRef = 5D04E25927A11873007AC988 /* EssentialFeediOS.framework */; settings = {ATTRIBUTES = (CodeSignOnCopy, RemoveHeadersOnCopy, ); }; };
		5D04E26527A2657D007AC988 /* FeedLoaderWithFallbackComposite.swift in Sources */ = {isa = PBXBuildFile; fileRef = 5D04E26427A2657D007AC988 /* FeedLoaderWithFallbackComposite.swift */; };
		5D04E26727A2662D007AC988 /* FeedImageDataLoaderWithFallbackCompositeTests.swift in Sources */ = {isa = PBXBuildFile; fileRef = 5D04E26627A2662D007AC988 /* FeedImageDataLoaderWithFallbackCompositeTests.swift */; };
		5D04E27227A3B18E007AC988 /* FeedImageDataLoaderWithFallbackComposite.swift in Sources */ = {isa = PBXBuildFile; fileRef = 5D04E27127A3B18E007AC988 /* FeedImageDataLoaderWithFallbackComposite.swift */; };
		5D04E27527A3B207007AC988 /* XCTestCase+MemoryLeakTracking.swift .swift in Sources */ = {isa = PBXBuildFile; fileRef = 5D04E27427A3B207007AC988 /* XCTestCase+MemoryLeakTracking.swift .swift */; };
		5D04E27727A3B279007AC988 /* SharedTestHelpers.swift in Sources */ = {isa = PBXBuildFile; fileRef = 5D04E27627A3B279007AC988 /* SharedTestHelpers.swift */; };
		5D04E27F27A79F9E007AC988 /* FeedLoaderCacheDecoratorTests.swift in Sources */ = {isa = PBXBuildFile; fileRef = 5D04E27E27A79F9E007AC988 /* FeedLoaderCacheDecoratorTests.swift */; };
/* End PBXBuildFile section */

/* Begin PBXContainerItemProxy section */
		5D04E23B27A117BF007AC988 /* PBXContainerItemProxy */ = {
			isa = PBXContainerItemProxy;
			containerPortal = 5D04E21C27A117BD007AC988 /* Project object */;
			proxyType = 1;
			remoteGlobalIDString = 5D04E22327A117BD007AC988;
			remoteInfo = EssentialApp;
		};
/* End PBXContainerItemProxy section */

/* Begin PBXCopyFilesBuildPhase section */
		5D04E25E27A11873007AC988 /* Embed Frameworks */ = {
			isa = PBXCopyFilesBuildPhase;
			buildActionMask = 2147483647;
			dstPath = "";
			dstSubfolderSpec = 10;
			files = (
				5D04E25B27A11873007AC988 /* EssentialFeed.framework in Embed Frameworks */,
				5D04E25D27A11873007AC988 /* EssentialFeediOS.framework in Embed Frameworks */,
			);
			name = "Embed Frameworks";
			runOnlyForDeploymentPostprocessing = 0;
		};
/* End PBXCopyFilesBuildPhase section */

/* Begin PBXFileReference section */
		5D04E22427A117BD007AC988 /* EssentialApp.app */ = {isa = PBXFileReference; explicitFileType = wrapper.application; includeInIndex = 0; path = EssentialApp.app; sourceTree = BUILT_PRODUCTS_DIR; };
		5D04E22727A117BD007AC988 /* AppDelegate.swift */ = {isa = PBXFileReference; lastKnownFileType = sourcecode.swift; path = AppDelegate.swift; sourceTree = "<group>"; };
		5D04E22927A117BD007AC988 /* SceneDelegate.swift */ = {isa = PBXFileReference; lastKnownFileType = sourcecode.swift; path = SceneDelegate.swift; sourceTree = "<group>"; };
		5D04E22B27A117BD007AC988 /* ViewController.swift */ = {isa = PBXFileReference; lastKnownFileType = sourcecode.swift; path = ViewController.swift; sourceTree = "<group>"; };
		5D04E22E27A117BD007AC988 /* Base */ = {isa = PBXFileReference; lastKnownFileType = file.storyboard; name = Base; path = Base.lproj/Main.storyboard; sourceTree = "<group>"; };
		5D04E23027A117BE007AC988 /* Assets.xcassets */ = {isa = PBXFileReference; lastKnownFileType = folder.assetcatalog; path = Assets.xcassets; sourceTree = "<group>"; };
		5D04E23327A117BE007AC988 /* Base */ = {isa = PBXFileReference; lastKnownFileType = file.storyboard; name = Base; path = Base.lproj/LaunchScreen.storyboard; sourceTree = "<group>"; };
		5D04E23527A117BE007AC988 /* Info.plist */ = {isa = PBXFileReference; lastKnownFileType = text.plist.xml; path = Info.plist; sourceTree = "<group>"; };
		5D04E23A27A117BF007AC988 /* EssentialAppTests.xctest */ = {isa = PBXFileReference; explicitFileType = wrapper.cfbundle; includeInIndex = 0; path = EssentialAppTests.xctest; sourceTree = BUILT_PRODUCTS_DIR; };
		5D04E23E27A117BF007AC988 /* FeedLoaderWithFallbackCompositeTests.swift */ = {isa = PBXFileReference; lastKnownFileType = sourcecode.swift; path = FeedLoaderWithFallbackCompositeTests.swift; sourceTree = "<group>"; };
		5D04E25827A11873007AC988 /* EssentialFeed.framework */ = {isa = PBXFileReference; explicitFileType = wrapper.framework; path = EssentialFeed.framework; sourceTree = BUILT_PRODUCTS_DIR; };
		5D04E25927A11873007AC988 /* EssentialFeediOS.framework */ = {isa = PBXFileReference; explicitFileType = wrapper.framework; path = EssentialFeediOS.framework; sourceTree = BUILT_PRODUCTS_DIR; };
		5D04E26427A2657D007AC988 /* FeedLoaderWithFallbackComposite.swift */ = {isa = PBXFileReference; lastKnownFileType = sourcecode.swift; path = FeedLoaderWithFallbackComposite.swift; sourceTree = "<group>"; };
		5D04E26627A2662D007AC988 /* FeedImageDataLoaderWithFallbackCompositeTests.swift */ = {isa = PBXFileReference; lastKnownFileType = sourcecode.swift; path = FeedImageDataLoaderWithFallbackCompositeTests.swift; sourceTree = "<group>"; };
		5D04E27127A3B18E007AC988 /* FeedImageDataLoaderWithFallbackComposite.swift */ = {isa = PBXFileReference; lastKnownFileType = sourcecode.swift; path = FeedImageDataLoaderWithFallbackComposite.swift; sourceTree = "<group>"; };
		5D04E27427A3B207007AC988 /* XCTestCase+MemoryLeakTracking.swift .swift */ = {isa = PBXFileReference; lastKnownFileType = sourcecode.swift; path = "XCTestCase+MemoryLeakTracking.swift .swift"; sourceTree = "<group>"; };
		5D04E27627A3B279007AC988 /* SharedTestHelpers.swift */ = {isa = PBXFileReference; lastKnownFileType = sourcecode.swift; path = SharedTestHelpers.swift; sourceTree = "<group>"; };
		5D04E27E27A79F9E007AC988 /* FeedLoaderCacheDecoratorTests.swift */ = {isa = PBXFileReference; lastKnownFileType = sourcecode.swift; path = FeedLoaderCacheDecoratorTests.swift; sourceTree = "<group>"; };
/* End PBXFileReference section */

/* Begin PBXFrameworksBuildPhase section */
		5D04E22127A117BD007AC988 /* Frameworks */ = {
			isa = PBXFrameworksBuildPhase;
			buildActionMask = 2147483647;
			files = (
				5D04E25A27A11873007AC988 /* EssentialFeed.framework in Frameworks */,
				5D04E25C27A11873007AC988 /* EssentialFeediOS.framework in Frameworks */,
			);
			runOnlyForDeploymentPostprocessing = 0;
		};
		5D04E23727A117BF007AC988 /* Frameworks */ = {
			isa = PBXFrameworksBuildPhase;
			buildActionMask = 2147483647;
			files = (
			);
			runOnlyForDeploymentPostprocessing = 0;
		};
/* End PBXFrameworksBuildPhase section */

/* Begin PBXGroup section */
		5D04E21B27A117BD007AC988 = {
			isa = PBXGroup;
			children = (
				5D04E22627A117BD007AC988 /* EssentialApp */,
				5D04E23D27A117BF007AC988 /* EssentialAppTests */,
				5D04E22527A117BD007AC988 /* Products */,
				5D04E25727A11873007AC988 /* Frameworks */,
			);
			sourceTree = "<group>";
		};
		5D04E22527A117BD007AC988 /* Products */ = {
			isa = PBXGroup;
			children = (
				5D04E22427A117BD007AC988 /* EssentialApp.app */,
				5D04E23A27A117BF007AC988 /* EssentialAppTests.xctest */,
			);
			name = Products;
			sourceTree = "<group>";
		};
		5D04E22627A117BD007AC988 /* EssentialApp */ = {
			isa = PBXGroup;
			children = (
				5D04E22727A117BD007AC988 /* AppDelegate.swift */,
				5D04E22927A117BD007AC988 /* SceneDelegate.swift */,
				5D04E22B27A117BD007AC988 /* ViewController.swift */,
				5D04E22D27A117BD007AC988 /* Main.storyboard */,
				5D04E23027A117BE007AC988 /* Assets.xcassets */,
				5D04E23227A117BE007AC988 /* LaunchScreen.storyboard */,
				5D04E23527A117BE007AC988 /* Info.plist */,
				5D04E26427A2657D007AC988 /* FeedLoaderWithFallbackComposite.swift */,
				5D04E27127A3B18E007AC988 /* FeedImageDataLoaderWithFallbackComposite.swift */,
			);
			path = EssentialApp;
			sourceTree = "<group>";
		};
		5D04E23D27A117BF007AC988 /* EssentialAppTests */ = {
			isa = PBXGroup;
			children = (
				5D04E27327A3B1F8007AC988 /* Helpers */,
				5D04E23E27A117BF007AC988 /* FeedLoaderWithFallbackCompositeTests.swift */,
				5D04E26627A2662D007AC988 /* FeedImageDataLoaderWithFallbackCompositeTests.swift */,
				5D04E27E27A79F9E007AC988 /* FeedLoaderCacheDecoratorTests.swift */,
			);
			path = EssentialAppTests;
			sourceTree = "<group>";
		};
		5D04E25727A11873007AC988 /* Frameworks */ = {
			isa = PBXGroup;
			children = (
				5D04E25827A11873007AC988 /* EssentialFeed.framework */,
				5D04E25927A11873007AC988 /* EssentialFeediOS.framework */,
			);
			name = Frameworks;
			sourceTree = "<group>";
		};
		5D04E27327A3B1F8007AC988 /* Helpers */ = {
			isa = PBXGroup;
			children = (
				5D04E27427A3B207007AC988 /* XCTestCase+MemoryLeakTracking.swift .swift */,
				5D04E27627A3B279007AC988 /* SharedTestHelpers.swift */,
			);
			path = Helpers;
			sourceTree = "<group>";
		};
/* End PBXGroup section */

/* Begin PBXNativeTarget section */
		5D04E22327A117BD007AC988 /* EssentialApp */ = {
			isa = PBXNativeTarget;
			buildConfigurationList = 5D04E24E27A117BF007AC988 /* Build configuration list for PBXNativeTarget "EssentialApp" */;
			buildPhases = (
				5D04E22027A117BD007AC988 /* Sources */,
				5D04E22127A117BD007AC988 /* Frameworks */,
				5D04E22227A117BD007AC988 /* Resources */,
				5D04E25E27A11873007AC988 /* Embed Frameworks */,
			);
			buildRules = (
			);
			dependencies = (
			);
			name = EssentialApp;
			productName = EssentialApp;
			productReference = 5D04E22427A117BD007AC988 /* EssentialApp.app */;
			productType = "com.apple.product-type.application";
		};
		5D04E23927A117BF007AC988 /* EssentialAppTests */ = {
			isa = PBXNativeTarget;
			buildConfigurationList = 5D04E25127A117BF007AC988 /* Build configuration list for PBXNativeTarget "EssentialAppTests" */;
			buildPhases = (
				5D04E23627A117BF007AC988 /* Sources */,
				5D04E23727A117BF007AC988 /* Frameworks */,
				5D04E23827A117BF007AC988 /* Resources */,
			);
			buildRules = (
			);
			dependencies = (
				5D04E23C27A117BF007AC988 /* PBXTargetDependency */,
			);
			name = EssentialAppTests;
			productName = EssentialAppTests;
			productReference = 5D04E23A27A117BF007AC988 /* EssentialAppTests.xctest */;
			productType = "com.apple.product-type.bundle.unit-test";
		};
/* End PBXNativeTarget section */

/* Begin PBXProject section */
		5D04E21C27A117BD007AC988 /* Project object */ = {
			isa = PBXProject;
			attributes = {
				BuildIndependentTargetsInParallel = 1;
				LastSwiftUpdateCheck = 1320;
				LastUpgradeCheck = 1320;
				TargetAttributes = {
					5D04E22327A117BD007AC988 = {
						CreatedOnToolsVersion = 13.2.1;
					};
					5D04E23927A117BF007AC988 = {
						CreatedOnToolsVersion = 13.2.1;
						TestTargetID = 5D04E22327A117BD007AC988;
					};
				};
			};
			buildConfigurationList = 5D04E21F27A117BD007AC988 /* Build configuration list for PBXProject "EssentialApp" */;
			compatibilityVersion = "Xcode 13.0";
			developmentRegion = en;
			hasScannedForEncodings = 0;
			knownRegions = (
				en,
				Base,
			);
			mainGroup = 5D04E21B27A117BD007AC988;
			productRefGroup = 5D04E22527A117BD007AC988 /* Products */;
			projectDirPath = "";
			projectRoot = "";
			targets = (
				5D04E22327A117BD007AC988 /* EssentialApp */,
				5D04E23927A117BF007AC988 /* EssentialAppTests */,
			);
		};
/* End PBXProject section */

/* Begin PBXResourcesBuildPhase section */
		5D04E22227A117BD007AC988 /* Resources */ = {
			isa = PBXResourcesBuildPhase;
			buildActionMask = 2147483647;
			files = (
				5D04E23427A117BE007AC988 /* LaunchScreen.storyboard in Resources */,
				5D04E23127A117BE007AC988 /* Assets.xcassets in Resources */,
				5D04E22F27A117BD007AC988 /* Main.storyboard in Resources */,
			);
			runOnlyForDeploymentPostprocessing = 0;
		};
		5D04E23827A117BF007AC988 /* Resources */ = {
			isa = PBXResourcesBuildPhase;
			buildActionMask = 2147483647;
			files = (
			);
			runOnlyForDeploymentPostprocessing = 0;
		};
/* End PBXResourcesBuildPhase section */

/* Begin PBXSourcesBuildPhase section */
		5D04E22027A117BD007AC988 /* Sources */ = {
			isa = PBXSourcesBuildPhase;
			buildActionMask = 2147483647;
			files = (
				5D04E22C27A117BD007AC988 /* ViewController.swift in Sources */,
				5D04E22827A117BD007AC988 /* AppDelegate.swift in Sources */,
				5D04E26527A2657D007AC988 /* FeedLoaderWithFallbackComposite.swift in Sources */,
				5D04E22A27A117BD007AC988 /* SceneDelegate.swift in Sources */,
				5D04E27227A3B18E007AC988 /* FeedImageDataLoaderWithFallbackComposite.swift in Sources */,
			);
			runOnlyForDeploymentPostprocessing = 0;
		};
		5D04E23627A117BF007AC988 /* Sources */ = {
			isa = PBXSourcesBuildPhase;
			buildActionMask = 2147483647;
			files = (
				5D04E27727A3B279007AC988 /* SharedTestHelpers.swift in Sources */,
				5D04E27F27A79F9E007AC988 /* FeedLoaderCacheDecoratorTests.swift in Sources */,
				5D04E26727A2662D007AC988 /* FeedImageDataLoaderWithFallbackCompositeTests.swift in Sources */,
				5D04E27527A3B207007AC988 /* XCTestCase+MemoryLeakTracking.swift .swift in Sources */,
				5D04E23F27A117BF007AC988 /* FeedLoaderWithFallbackCompositeTests.swift in Sources */,
			);
			runOnlyForDeploymentPostprocessing = 0;
		};
/* End PBXSourcesBuildPhase section */

/* Begin PBXTargetDependency section */
		5D04E23C27A117BF007AC988 /* PBXTargetDependency */ = {
			isa = PBXTargetDependency;
			target = 5D04E22327A117BD007AC988 /* EssentialApp */;
			targetProxy = 5D04E23B27A117BF007AC988 /* PBXContainerItemProxy */;
		};
/* End PBXTargetDependency section */

/* Begin PBXVariantGroup section */
		5D04E22D27A117BD007AC988 /* Main.storyboard */ = {
			isa = PBXVariantGroup;
			children = (
				5D04E22E27A117BD007AC988 /* Base */,
			);
			name = Main.storyboard;
			sourceTree = "<group>";
		};
		5D04E23227A117BE007AC988 /* LaunchScreen.storyboard */ = {
			isa = PBXVariantGroup;
			children = (
				5D04E23327A117BE007AC988 /* Base */,
			);
			name = LaunchScreen.storyboard;
			sourceTree = "<group>";
		};
/* End PBXVariantGroup section */

/* Begin XCBuildConfiguration section */
		5D04E24C27A117BF007AC988 /* Debug */ = {
			isa = XCBuildConfiguration;
			buildSettings = {
				ALWAYS_SEARCH_USER_PATHS = NO;
				CLANG_ANALYZER_NONNULL = YES;
				CLANG_ANALYZER_NUMBER_OBJECT_CONVERSION = YES_AGGRESSIVE;
				CLANG_CXX_LANGUAGE_STANDARD = "gnu++17";
				CLANG_CXX_LIBRARY = "libc++";
				CLANG_ENABLE_MODULES = YES;
				CLANG_ENABLE_OBJC_ARC = YES;
				CLANG_ENABLE_OBJC_WEAK = YES;
				CLANG_WARN_BLOCK_CAPTURE_AUTORELEASING = YES;
				CLANG_WARN_BOOL_CONVERSION = YES;
				CLANG_WARN_COMMA = YES;
				CLANG_WARN_CONSTANT_CONVERSION = YES;
				CLANG_WARN_DEPRECATED_OBJC_IMPLEMENTATIONS = YES;
				CLANG_WARN_DIRECT_OBJC_ISA_USAGE = YES_ERROR;
				CLANG_WARN_DOCUMENTATION_COMMENTS = YES;
				CLANG_WARN_EMPTY_BODY = YES;
				CLANG_WARN_ENUM_CONVERSION = YES;
				CLANG_WARN_INFINITE_RECURSION = YES;
				CLANG_WARN_INT_CONVERSION = YES;
				CLANG_WARN_NON_LITERAL_NULL_CONVERSION = YES;
				CLANG_WARN_OBJC_IMPLICIT_RETAIN_SELF = YES;
				CLANG_WARN_OBJC_LITERAL_CONVERSION = YES;
				CLANG_WARN_OBJC_ROOT_CLASS = YES_ERROR;
				CLANG_WARN_QUOTED_INCLUDE_IN_FRAMEWORK_HEADER = YES;
				CLANG_WARN_RANGE_LOOP_ANALYSIS = YES;
				CLANG_WARN_STRICT_PROTOTYPES = YES;
				CLANG_WARN_SUSPICIOUS_MOVE = YES;
				CLANG_WARN_UNGUARDED_AVAILABILITY = YES_AGGRESSIVE;
				CLANG_WARN_UNREACHABLE_CODE = YES;
				CLANG_WARN__DUPLICATE_METHOD_MATCH = YES;
				COPY_PHASE_STRIP = NO;
				DEBUG_INFORMATION_FORMAT = dwarf;
				ENABLE_STRICT_OBJC_MSGSEND = YES;
				ENABLE_TESTABILITY = YES;
				GCC_C_LANGUAGE_STANDARD = gnu11;
				GCC_DYNAMIC_NO_PIC = NO;
				GCC_NO_COMMON_BLOCKS = YES;
				GCC_OPTIMIZATION_LEVEL = 0;
				GCC_PREPROCESSOR_DEFINITIONS = (
					"DEBUG=1",
					"$(inherited)",
				);
				GCC_WARN_64_TO_32_BIT_CONVERSION = YES;
				GCC_WARN_ABOUT_RETURN_TYPE = YES_ERROR;
				GCC_WARN_UNDECLARED_SELECTOR = YES;
				GCC_WARN_UNINITIALIZED_AUTOS = YES_AGGRESSIVE;
				GCC_WARN_UNUSED_FUNCTION = YES;
				GCC_WARN_UNUSED_VARIABLE = YES;
				IPHONEOS_DEPLOYMENT_TARGET = 15.2;
				MTL_ENABLE_DEBUG_INFO = INCLUDE_SOURCE;
				MTL_FAST_MATH = YES;
				ONLY_ACTIVE_ARCH = YES;
				SDKROOT = iphoneos;
				SWIFT_ACTIVE_COMPILATION_CONDITIONS = DEBUG;
				SWIFT_OPTIMIZATION_LEVEL = "-Onone";
			};
			name = Debug;
		};
		5D04E24D27A117BF007AC988 /* Release */ = {
			isa = XCBuildConfiguration;
			buildSettings = {
				ALWAYS_SEARCH_USER_PATHS = NO;
				CLANG_ANALYZER_NONNULL = YES;
				CLANG_ANALYZER_NUMBER_OBJECT_CONVERSION = YES_AGGRESSIVE;
				CLANG_CXX_LANGUAGE_STANDARD = "gnu++17";
				CLANG_CXX_LIBRARY = "libc++";
				CLANG_ENABLE_MODULES = YES;
				CLANG_ENABLE_OBJC_ARC = YES;
				CLANG_ENABLE_OBJC_WEAK = YES;
				CLANG_WARN_BLOCK_CAPTURE_AUTORELEASING = YES;
				CLANG_WARN_BOOL_CONVERSION = YES;
				CLANG_WARN_COMMA = YES;
				CLANG_WARN_CONSTANT_CONVERSION = YES;
				CLANG_WARN_DEPRECATED_OBJC_IMPLEMENTATIONS = YES;
				CLANG_WARN_DIRECT_OBJC_ISA_USAGE = YES_ERROR;
				CLANG_WARN_DOCUMENTATION_COMMENTS = YES;
				CLANG_WARN_EMPTY_BODY = YES;
				CLANG_WARN_ENUM_CONVERSION = YES;
				CLANG_WARN_INFINITE_RECURSION = YES;
				CLANG_WARN_INT_CONVERSION = YES;
				CLANG_WARN_NON_LITERAL_NULL_CONVERSION = YES;
				CLANG_WARN_OBJC_IMPLICIT_RETAIN_SELF = YES;
				CLANG_WARN_OBJC_LITERAL_CONVERSION = YES;
				CLANG_WARN_OBJC_ROOT_CLASS = YES_ERROR;
				CLANG_WARN_QUOTED_INCLUDE_IN_FRAMEWORK_HEADER = YES;
				CLANG_WARN_RANGE_LOOP_ANALYSIS = YES;
				CLANG_WARN_STRICT_PROTOTYPES = YES;
				CLANG_WARN_SUSPICIOUS_MOVE = YES;
				CLANG_WARN_UNGUARDED_AVAILABILITY = YES_AGGRESSIVE;
				CLANG_WARN_UNREACHABLE_CODE = YES;
				CLANG_WARN__DUPLICATE_METHOD_MATCH = YES;
				COPY_PHASE_STRIP = NO;
				DEBUG_INFORMATION_FORMAT = "dwarf-with-dsym";
				ENABLE_NS_ASSERTIONS = NO;
				ENABLE_STRICT_OBJC_MSGSEND = YES;
				GCC_C_LANGUAGE_STANDARD = gnu11;
				GCC_NO_COMMON_BLOCKS = YES;
				GCC_WARN_64_TO_32_BIT_CONVERSION = YES;
				GCC_WARN_ABOUT_RETURN_TYPE = YES_ERROR;
				GCC_WARN_UNDECLARED_SELECTOR = YES;
				GCC_WARN_UNINITIALIZED_AUTOS = YES_AGGRESSIVE;
				GCC_WARN_UNUSED_FUNCTION = YES;
				GCC_WARN_UNUSED_VARIABLE = YES;
				IPHONEOS_DEPLOYMENT_TARGET = 15.2;
				MTL_ENABLE_DEBUG_INFO = NO;
				MTL_FAST_MATH = YES;
				SDKROOT = iphoneos;
				SWIFT_COMPILATION_MODE = wholemodule;
				SWIFT_OPTIMIZATION_LEVEL = "-O";
				VALIDATE_PRODUCT = YES;
			};
			name = Release;
		};
		5D04E24F27A117BF007AC988 /* Debug */ = {
			isa = XCBuildConfiguration;
			buildSettings = {
				ASSETCATALOG_COMPILER_APPICON_NAME = AppIcon;
				ASSETCATALOG_COMPILER_GLOBAL_ACCENT_COLOR_NAME = AccentColor;
				CODE_SIGN_STYLE = Automatic;
				CURRENT_PROJECT_VERSION = 1;
				DEVELOPMENT_TEAM = ZUTM2D9M6W;
				GENERATE_INFOPLIST_FILE = YES;
				INFOPLIST_FILE = EssentialApp/Info.plist;
				INFOPLIST_KEY_UIApplicationSupportsIndirectInputEvents = YES;
				INFOPLIST_KEY_UILaunchStoryboardName = LaunchScreen;
				INFOPLIST_KEY_UIMainStoryboardFile = Main;
				INFOPLIST_KEY_UISupportedInterfaceOrientations_iPad = "UIInterfaceOrientationPortrait UIInterfaceOrientationPortraitUpsideDown UIInterfaceOrientationLandscapeLeft UIInterfaceOrientationLandscapeRight";
				INFOPLIST_KEY_UISupportedInterfaceOrientations_iPhone = "UIInterfaceOrientationPortrait UIInterfaceOrientationLandscapeLeft UIInterfaceOrientationLandscapeRight";
				LD_RUNPATH_SEARCH_PATHS = (
					"$(inherited)",
					"@executable_path/Frameworks",
				);
				MARKETING_VERSION = 1.0;
				PRODUCT_BUNDLE_IDENTIFIER = com.bitar.EssentialApp;
				PRODUCT_NAME = "$(TARGET_NAME)";
				SWIFT_EMIT_LOC_STRINGS = YES;
				SWIFT_VERSION = 5.0;
				TARGETED_DEVICE_FAMILY = "1,2";
			};
			name = Debug;
		};
		5D04E25027A117BF007AC988 /* Release */ = {
			isa = XCBuildConfiguration;
			buildSettings = {
				ASSETCATALOG_COMPILER_APPICON_NAME = AppIcon;
				ASSETCATALOG_COMPILER_GLOBAL_ACCENT_COLOR_NAME = AccentColor;
				CODE_SIGN_STYLE = Automatic;
				CURRENT_PROJECT_VERSION = 1;
				DEVELOPMENT_TEAM = ZUTM2D9M6W;
				GENERATE_INFOPLIST_FILE = YES;
				INFOPLIST_FILE = EssentialApp/Info.plist;
				INFOPLIST_KEY_UIApplicationSupportsIndirectInputEvents = YES;
				INFOPLIST_KEY_UILaunchStoryboardName = LaunchScreen;
				INFOPLIST_KEY_UIMainStoryboardFile = Main;
				INFOPLIST_KEY_UISupportedInterfaceOrientations_iPad = "UIInterfaceOrientationPortrait UIInterfaceOrientationPortraitUpsideDown UIInterfaceOrientationLandscapeLeft UIInterfaceOrientationLandscapeRight";
				INFOPLIST_KEY_UISupportedInterfaceOrientations_iPhone = "UIInterfaceOrientationPortrait UIInterfaceOrientationLandscapeLeft UIInterfaceOrientationLandscapeRight";
				LD_RUNPATH_SEARCH_PATHS = (
					"$(inherited)",
					"@executable_path/Frameworks",
				);
				MARKETING_VERSION = 1.0;
				PRODUCT_BUNDLE_IDENTIFIER = com.bitar.EssentialApp;
				PRODUCT_NAME = "$(TARGET_NAME)";
				SWIFT_EMIT_LOC_STRINGS = YES;
				SWIFT_VERSION = 5.0;
				TARGETED_DEVICE_FAMILY = "1,2";
			};
			name = Release;
		};
		5D04E25227A117BF007AC988 /* Debug */ = {
			isa = XCBuildConfiguration;
			buildSettings = {
				ALWAYS_EMBED_SWIFT_STANDARD_LIBRARIES = YES;
				BUNDLE_LOADER = "$(TEST_HOST)";
				CODE_SIGN_STYLE = Automatic;
				CURRENT_PROJECT_VERSION = 1;
				DEVELOPMENT_TEAM = ZUTM2D9M6W;
				GENERATE_INFOPLIST_FILE = YES;
				IPHONEOS_DEPLOYMENT_TARGET = 15.2;
				MARKETING_VERSION = 1.0;
				PRODUCT_BUNDLE_IDENTIFIER = com.bitar.EssentialAppTests;
				PRODUCT_NAME = "$(TARGET_NAME)";
				SWIFT_EMIT_LOC_STRINGS = NO;
				SWIFT_VERSION = 5.0;
				TARGETED_DEVICE_FAMILY = "1,2";
				TEST_HOST = "$(BUILT_PRODUCTS_DIR)/EssentialApp.app/EssentialApp";
			};
			name = Debug;
		};
		5D04E25327A117BF007AC988 /* Release */ = {
			isa = XCBuildConfiguration;
			buildSettings = {
				ALWAYS_EMBED_SWIFT_STANDARD_LIBRARIES = YES;
				BUNDLE_LOADER = "$(TEST_HOST)";
				CODE_SIGN_STYLE = Automatic;
				CURRENT_PROJECT_VERSION = 1;
				DEVELOPMENT_TEAM = ZUTM2D9M6W;
				GENERATE_INFOPLIST_FILE = YES;
				IPHONEOS_DEPLOYMENT_TARGET = 15.2;
				MARKETING_VERSION = 1.0;
				PRODUCT_BUNDLE_IDENTIFIER = com.bitar.EssentialAppTests;
				PRODUCT_NAME = "$(TARGET_NAME)";
				SWIFT_EMIT_LOC_STRINGS = NO;
				SWIFT_VERSION = 5.0;
				TARGETED_DEVICE_FAMILY = "1,2";
				TEST_HOST = "$(BUILT_PRODUCTS_DIR)/EssentialApp.app/EssentialApp";
			};
			name = Release;
		};
/* End XCBuildConfiguration section */

/* Begin XCConfigurationList section */
		5D04E21F27A117BD007AC988 /* Build configuration list for PBXProject "EssentialApp" */ = {
			isa = XCConfigurationList;
			buildConfigurations = (
				5D04E24C27A117BF007AC988 /* Debug */,
				5D04E24D27A117BF007AC988 /* Release */,
			);
			defaultConfigurationIsVisible = 0;
			defaultConfigurationName = Release;
		};
		5D04E24E27A117BF007AC988 /* Build configuration list for PBXNativeTarget "EssentialApp" */ = {
			isa = XCConfigurationList;
			buildConfigurations = (
				5D04E24F27A117BF007AC988 /* Debug */,
				5D04E25027A117BF007AC988 /* Release */,
			);
			defaultConfigurationIsVisible = 0;
			defaultConfigurationName = Release;
		};
		5D04E25127A117BF007AC988 /* Build configuration list for PBXNativeTarget "EssentialAppTests" */ = {
			isa = XCConfigurationList;
			buildConfigurations = (
				5D04E25227A117BF007AC988 /* Debug */,
				5D04E25327A117BF007AC988 /* Release */,
			);
			defaultConfigurationIsVisible = 0;
			defaultConfigurationName = Release;
		};
/* End XCConfigurationList section */
	};
	rootObject = 5D04E21C27A117BD007AC988 /* Project object */;
}
